{
  "name": "@devcontainer/groovy-devcontainer",
  "version": "8.5.3",
  "lockfileVersion": 2,
  "requires": true,
  "packages": {
    "": {
      "name": "@devcontainer/groovy-devcontainer",
      "version": "8.5.3",
      "license": "BSD-3-Clause",
      "devDependencies": {
        "@devcontainer/generator": "^8.5.3",
        "load-text-file": "1.2.0",
        "wait-on": "5.2.0"
      }
    },
    "../generator": {
      "name": "@devcontainer/generator",
      "version": "8.5.3",
      "dev": true,
      "license": "MIT",
      "devDependencies": {
        "typescript": "4.1.3"
      }
    },
    "../generator/node_modules/typescript": {
      "version": "4.1.3",
      "dev": true,
      "license": "Apache-2.0",
      "bin": {
        "tsc": "bin/tsc",
        "tsserver": "bin/tsserver"
      },
      "engines": {
        "node": ">=4.2.0"
      }
    },
    "node_modules/@devcontainer/generator": {
      "resolved": "../generator",
      "link": true
    },
    "node_modules/@hapi/hoek": {
      "version": "9.1.0",
      "dev": true,
      "license": "BSD-3-Clause"
    },
    "node_modules/@hapi/topo": {
      "version": "5.0.0",
      "dev": true,
      "license": "BSD-3-Clause",
      "dependencies": {
        "@hapi/hoek": "^9.0.0"
      }
    },
    "node_modules/@sideway/address": {
      "version": "4.1.0",
      "dev": true,
      "license": "BSD-3-Clause",
      "dependencies": {
        "@hapi/hoek": "^9.0.0"
      }
    },
    "node_modules/@sideway/formula": {
      "version": "3.0.0",
      "dev": true,
      "license": "BSD-3-Clause"
    },
    "node_modules/@sideway/pinpoint": {
      "version": "2.0.0",
      "dev": true,
      "license": "BSD-3-Clause"
    },
    "node_modules/axios": {
      "version": "0.19.2",
      "dev": true,
      "license": "MIT",
      "dependencies": {
        "follow-redirects": "1.5.10"
      }
    },
    "node_modules/debug": {
      "version": "3.1.0",
      "dev": true,
      "license": "MIT",
      "dependencies": {
        "ms": "2.0.0"
      }
    },
    "node_modules/follow-redirects": {
      "version": "1.5.10",
      "dev": true,
      "license": "MIT",
      "dependencies": {
        "debug": "=3.1.0"
      },
      "engines": {
        "node": ">=4.0"
      }
    },
    "node_modules/graceful-fs": {
      "version": "4.2.4",
      "dev": true,
      "license": "ISC"
    },
    "node_modules/joi": {
      "version": "17.3.0",
      "dev": true,
      "license": "BSD-3-Clause",
      "dependencies": {
        "@hapi/hoek": "^9.0.0",
        "@hapi/topo": "^5.0.0",
        "@sideway/address": "^4.1.0",
        "@sideway/formula": "^3.0.0",
        "@sideway/pinpoint": "^2.0.0"
      }
    },
    "node_modules/load-text-file": {
      "version": "1.2.0",
      "dev": true,
      "license": "MIT",
      "dependencies": {
        "graceful-fs": "^4.0.0",
        "pify": "^3.0.0 || ^4.0.0",
        "strip-bom": "^3.0.0"
      },
      "engines": {
        "node": ">=6"
      }
    },
    "node_modules/lodash": {
      "version": "4.17.20",
      "dev": true,
      "license": "MIT"
    },
    "node_modules/minimist": {
      "version": "1.2.5",
      "dev": true,
      "license": "MIT"
    },
    "node_modules/ms": {
      "version": "2.0.0",
      "dev": true,
      "license": "MIT"
    },
    "node_modules/pify": {
      "version": "4.0.1",
      "dev": true,
      "license": "MIT",
      "engines": {
        "node": ">=6"
      }
    },
    "node_modules/rxjs": {
      "version": "6.6.3",
      "dev": true,
      "license": "Apache-2.0",
      "dependencies": {
        "tslib": "^1.9.0"
      },
      "engines": {
        "npm": ">=2.0.0"
      }
    },
    "node_modules/strip-bom": {
      "version": "3.0.0",
      "dev": true,
      "license": "MIT",
      "engines": {
        "node": ">=4"
      }
    },
    "node_modules/tslib": {
      "version": "1.14.1",
      "dev": true,
      "license": "0BSD"
    },
    "node_modules/wait-on": {
      "version": "5.2.0",
      "dev": true,
      "license": "MIT",
      "dependencies": {
        "axios": "^0.19.2",
        "joi": "^17.1.1",
        "lodash": "^4.17.19",
        "minimist": "^1.2.5",
        "rxjs": "^6.5.5"
      },
      "bin": {
        "wait-on": "bin/wait-on"
      },
      "engines": {
        "node": ">=8.9.0"
      }
    }
  },
  "dependencies": {
    "@devcontainer/generator": {
      "version": "file:../generator",
      "requires": {
        "typescript": "4.1.3"
      },
      "dependencies": {
        "typescript": {
          "version": "4.1.3",
          "dev": true
        }
      }
    },
    "@hapi/hoek": {
      "version": "9.1.0",
      "dev": true
    },
    "@hapi/topo": {
      "version": "5.0.0",
      "dev": true,
      "requires": {
        "@hapi/hoek": "^9.0.0"
      }
    },
    "@sideway/address": {
      "version": "4.1.0",
      "dev": true,
      "requires": {
        "@hapi/hoek": "^9.0.0"
      }
    },
    "@sideway/formula": {
      "version": "3.0.0",
      "dev": true
    },
    "@sideway/pinpoint": {
      "version": "2.0.0",
      "dev": true
    },
    "axios": {
      "version": "0.19.2",
      "dev": true,
      "requires": {
        "follow-redirects": "1.5.10"
      }
    },
    "debug": {
      "version": "3.1.0",
      "dev": true,
      "requires": {
        "ms": "2.0.0"
      }
    },
    "follow-redirects": {
      "version": "1.5.10",
      "dev": true,
      "requires": {
        "debug": "=3.1.0"
      }
    },
    "graceful-fs": {
      "version": "4.2.4",
      "dev": true
    },
    "joi": {
      "version": "17.3.0",
      "dev": true,
      "requires": {
        "@hapi/hoek": "^9.0.0",
        "@hapi/topo": "^5.0.0",
        "@sideway/address": "^4.1.0",
        "@sideway/formula": "^3.0.0",
        "@sideway/pinpoint": "^2.0.0"
      }
    },
    "load-text-file": {
      "version": "1.2.0",
      "dev": true,
      "requires": {
        "graceful-fs": "^4.0.0",
        "pify": "^3.0.0 || ^4.0.0",
        "strip-bom": "^3.0.0"
      }
    },
    "lodash": {
      "version": "4.17.20",
      "dev": true
    },
    "minimist": {
      "version": "1.2.5",
      "dev": true
    },
    "ms": {
      "version": "2.0.0",
      "dev": true
    },
    "pify": {
      "version": "4.0.1",
      "dev": true
    },
    "rxjs": {
      "version": "6.6.3",
      "dev": true,
      "requires": {
        "tslib": "^1.9.0"
      }
    },
    "strip-bom": {
      "version": "3.0.0",
      "dev": true
    },
    "tslib": {
      "version": "1.14.1",
      "dev": true
    },
    "wait-on": {
      "version": "5.2.0",
      "dev": true,
      "requires": {
        "axios": "^0.19.2",
        "joi": "^17.1.1",
        "lodash": "^4.17.19",
        "minimist": "^1.2.5",
        "rxjs": "^6.5.5"
      }
    }
  }
}
