{
    "name": "@zedvision/diff",
    "version": "11.0.5",
    "lockfileVersion": 2,
    "requires": true,
    "packages": {
        "": {
            "name": "@zedvision/diff",
            "version": "10.14.7",
            "license": "MIT",
            "dependencies": {
                "@zedvision/sha256": "^10.13.13",
                "diff": "5.0.0",
                "esbuild": "0.8.27"
            },
            "devDependencies": {
                "typescript": "4.1.3"
            }
        },
        "../sha256": {
            "name": "@zedvision/sha256",
            "version": "10.13.13",
            "license": "MIT"
        },
        "node_modules/@zedvision/sha256": {
            "resolved": "../sha256",
            "link": true
        },
        "node_modules/diff": {
            "version": "5.0.0",
            "license": "BSD-3-Clause",
            "engines": {
                "node": ">=0.3.1"
            }
        },
        "node_modules/esbuild": {
            "version": "0.8.27",
            "hasInstallScript": true,
            "license": "MIT",
            "bin": {
                "esbuild": "bin/esbuild"
            }
        },
        "node_modules/typescript": {
            "version": "4.1.3",
            "dev": true,
            "license": "Apache-2.0",
            "bin": {
                "tsc": "bin/tsc",
                "tsserver": "bin/tsserver"
            },
            "engines": {
                "node": ">=4.2.0"
            }
        }
    },
    "dependencies": {
        "@zedvision/sha256": {
            "version": "file:../sha256"
        },
        "diff": {
            "version": "5.0.0"
        },
        "esbuild": {
            "version": "0.8.27"
        },
        "typescript": {
            "version": "4.1.3",
            "dev": true
        }
    }
}
