# THIS IS AN AUTOGENERATED FILE. DO NOT EDIT THIS FILE DIRECTLY.
# yarn lockfile v1


"@cloudflare/workers-types@2.2.2":
  version "2.2.2"
  resolved "https://registry.npmjs.org/@cloudflare/workers-types/-/workers-types-2.2.2.tgz"
  integrity sha512-kaMn2rueJ0PL1TYVGknTCh0X0x0d9G+FNXAFep7/4uqecEZoQb/63o6rOmMuiqI09zLuHV6xhKRXinokV/MY9A==

"@cloudflare/wrangler@1.19.3":
  version "1.19.3"
  resolved "https://registry.npmjs.org/@cloudflare/wrangler/-/wrangler-1.19.3.tgz"
  integrity sha512-xvmj4xzarcHDcKdYaYVJ5E49eA0/2oNPz+9gMaQ88ym3RGgc0OxxFkCV0+XUb11QiAl2VEEtZr0/jbQXypvDcA==
  dependencies:
    axios "^0.21.1"
    rimraf "^3.0.2"
    tar "^6.1.10"

axios@^0.21.1:
  version "0.21.1"
  resolved "https://registry.npmjs.org/axios/-/axios-0.21.1.tgz"
  integrity sha512-dKQiRHxGD9PPRIUNIWvZhPTPpl1rf/OxTYKsqKUDjBwYylTvV7SjSHJb9ratfyzM6wCdLCOYLzs73qpg5c4iGA==
  dependencies:
    follow-redirects "^1.10.0"

balanced-match@^1.0.0:
  version "1.0.0"
  resolved "https://registry.npmjs.org/balanced-match/-/balanced-match-1.0.0.tgz"
  integrity sha1-ibTRmasr7kneFk6gK4nORi1xt2c=

brace-expansion@^1.1.7:
  version "1.1.11"
  resolved "https://registry.npmjs.org/brace-expansion/-/brace-expansion-1.1.11.tgz"
  integrity sha512-iCuPHDFgrHX7H2vEI/5xpz07zSHB00TpugqhmYtVmMO6518mCuRMoOYFldEBl0g187ufozdaHgWKcYFb61qGiA==
  dependencies:
    balanced-match "^1.0.0"
    concat-map "0.0.1"

chownr@^2.0.0:
  version "2.0.0"
  resolved "https://registry.npmjs.org/chownr/-/chownr-2.0.0.tgz"
  integrity sha512-bIomtDF5KGpdogkLd9VspvFzk9KfpyyGlS8YFVZl7TGPBHL5snIOnxeshwVgPteQ9b4Eydl+pVbIyE1DcvCWgQ==

concat-map@0.0.1:
  version "0.0.1"
  resolved "https://registry.npmjs.org/concat-map/-/concat-map-0.0.1.tgz"
  integrity sha1-2Klr13/Wjfd5OnMDajug1UBdR3s=

esbuild-android-arm64@0.13.3:
  version "0.13.3"
  resolved "https://registry.yarnpkg.com/esbuild-android-arm64/-/esbuild-android-arm64-0.13.3.tgz#ef734c76eeff42e8c53acdffe901da090164a890"
  integrity sha512-jc9E8vGTHkzb0Vwl74H8liANV9BWsqtzLHaKvcsRgf1M+aVCBSF0gUheduAKfDsbDMT0judeMLhwBP34EUesTA==

esbuild-darwin-64@0.13.3:
  version "0.13.3"
  resolved "https://registry.yarnpkg.com/esbuild-darwin-64/-/esbuild-darwin-64-0.13.3.tgz#35f29376b7451add79f0640980683ef923365385"
  integrity sha512-8bG3Zq+ZNuLlIJebOO2+weI7P2LVf33sOzaUfHj8MuJ+1Ixe4KtQxfYp7qhFnP6xP2ToJaYHxGUfLeiUCEz9hw==

esbuild-darwin-arm64@0.13.3:
  version "0.13.3"
  resolved "https://registry.yarnpkg.com/esbuild-darwin-arm64/-/esbuild-darwin-arm64-0.13.3.tgz#530a1326e7d18d62c9a54b6dce70f2b77ed50eec"
  integrity sha512-5E81eImYtTgh8pY7Gq4WQHhWkR/LvYadUXmuYeZBiP+3ADZJZcG60UFceZrjqNPaFOWKr/xmh4aNocwagEubcA==

esbuild-freebsd-64@0.13.3:
  version "0.13.3"
  resolved "https://registry.yarnpkg.com/esbuild-freebsd-64/-/esbuild-freebsd-64-0.13.3.tgz#ce2896ac362e06eb82ca5dec06b2568901eb5afc"
  integrity sha512-ou+f91KkTGexi8HvF/BdtsITL6plbciQfZGys7QX6/QEwyE96PmL5KnU6ZQwoU7E99Ts6Sc9bUDq8HXJubKtBA==

esbuild-freebsd-arm64@0.13.3:
  version "0.13.3"
  resolved "https://registry.yarnpkg.com/esbuild-freebsd-arm64/-/esbuild-freebsd-arm64-0.13.3.tgz#a20454f99e060bea4e465d131556a9f0533f403f"
  integrity sha512-F1zV7nySjHswJuvIgjkiG5liZ63MeazDGXGKViTCeegjZ71sAhOChcaGhKcu6vq9+vqZxlfEi1fmXlx6Pc3coQ==

esbuild-linux-32@0.13.3:
  version "0.13.3"
  resolved "https://registry.yarnpkg.com/esbuild-linux-32/-/esbuild-linux-32-0.13.3.tgz#ad56f18208ecf007cd9ab16cd39626ca0312b8ee"
  integrity sha512-mHHc2v6uLrHH4zaaq5RB/5IWzgimEJ1HGldzf1qtGI513KZWfH0HRRQ8p1di4notJgBn7tDzWQ1f34ZHy69viQ==

esbuild-linux-64@0.13.3:
  version "0.13.3"
  resolved "https://registry.npmjs.org/esbuild-linux-64/-/esbuild-linux-64-0.13.3.tgz"
  integrity sha512-FJ1De2O89mrOuqtaEXu41qIYJU6R41F+OA6vheNwcAQcX8fu0aiA13FJeLABq29BYJuTVgRj3cyC8q+tz19/dQ==

esbuild-linux-arm64@0.13.3:
  version "0.13.3"
  resolved "https://registry.yarnpkg.com/esbuild-linux-arm64/-/esbuild-linux-arm64-0.13.3.tgz#329348bb4a19cfb5e9046cc5d97ba5017d8f74ad"
  integrity sha512-Cauhr45KSo+wRUojs+1qfycQqQCAXTOvsWvkZ6xmEMAXLAm+f8RQGDQeP8CAf8Yeelnegcn6UNdvzdzLHhWDFg==

esbuild-linux-arm@0.13.3:
  version "0.13.3"
  resolved "https://registry.yarnpkg.com/esbuild-linux-arm/-/esbuild-linux-arm-0.13.3.tgz#b3b3167c9d5d3038894fbc75b194a4fbe93eaf09"
  integrity sha512-9BJNRtLwBh3OP22cln9g3AJdbAQUcjRHqA4BScx9k4RZpGqPokFr548zpeplxWhcwrIjT8qPebwH9CrRVy8Bsw==

esbuild-linux-mips64le@0.13.3:
  version "0.13.3"
  resolved "https://registry.yarnpkg.com/esbuild-linux-mips64le/-/esbuild-linux-mips64le-0.13.3.tgz#ea1687f28ea2c85399ecc2fe23a48ab343b7b35d"
  integrity sha512-YVzJUGCncuuLm2boYyVeuMFsak4ZAhdiBwi0xNDZCC8sy+tS6Boe2mzcrD2uubv5JKAUOrpN186S1DtU4WgBgw==

esbuild-linux-ppc64le@0.13.3:
  version "0.13.3"
  resolved "https://registry.yarnpkg.com/esbuild-linux-ppc64le/-/esbuild-linux-ppc64le-0.13.3.tgz#a462cf42eae3d7fc29a9f277679f5adee70afa67"
  integrity sha512-GU6CqqKtJEoyxC2QWHiJtmuOz9wc/jMv8ZloK2WwiGY5yMvAmM3PI103Dj7xcjebNTHBqITTUw/aigY1wx5A3w==

esbuild-openbsd-64@0.13.3:
  version "0.13.3"
  resolved "https://registry.yarnpkg.com/esbuild-openbsd-64/-/esbuild-openbsd-64-0.13.3.tgz#0cb15bd86d20eb19cb548b530f1a533197532cf9"
  integrity sha512-HVpkgpn4BQt4BPDAjTOpeMub6mzNWw6Y3gaLQJrpbO24pws6ZwYkY24OI3/Uo3LDCbH6856MM81JxECt92OWjA==

esbuild-sunos-64@0.13.3:
  version "0.13.3"
  resolved "https://registry.yarnpkg.com/esbuild-sunos-64/-/esbuild-sunos-64-0.13.3.tgz#53a941241f881010969cc8f1acb1ada49c4cd3c2"
  integrity sha512-XncBVOtnEfUbPV4CaiFBxh38ychnBfwCxuTm9iAqcHzIwkmeNRN5qMzDyfE1jyfJje+Bbt6AvIfz6SdYt8/UEQ==

esbuild-windows-32@0.13.3:
  version "0.13.3"
  resolved "https://registry.yarnpkg.com/esbuild-windows-32/-/esbuild-windows-32-0.13.3.tgz#265dc0d0cdb5374685a851c584857055e12865a4"
  integrity sha512-ZlgDz7d1nk8wQACi+z8IDzNZVUlN9iprAme+1YSTsfFDlkyI8jeaGWPk9EQFNY7rJzsLVYm6eZ2mhPioc7uT5A==

esbuild-windows-64@0.13.3:
  version "0.13.3"
  resolved "https://registry.yarnpkg.com/esbuild-windows-64/-/esbuild-windows-64-0.13.3.tgz#ae710c0629ec8c39c5ef1f69e86ed5592bb4128f"
  integrity sha512-YX7KvRez3TR+GudlQm9tND/ssj2FsF9vb8ZWzAoZOLxpPzE3y+3SFJNrfDzzQKPzJ0Pnh9KBP4gsaMwJjKHDhw==

esbuild-windows-arm64@0.13.3:
  version "0.13.3"
  resolved "https://registry.yarnpkg.com/esbuild-windows-arm64/-/esbuild-windows-arm64-0.13.3.tgz#a236199a26b1205573dcb571f966189326a4c953"
  integrity sha512-nP7H0Y2a6OJd3Qi1Q8sehhyP4x4JoXK4S5y6FzH2vgaJgiyEurzFxjUufGdMaw+RxtxiwD/uRndUgwaZ2JD8lg==

esbuild@^0.13.3:
  version "0.13.3"
  resolved "https://registry.npmjs.org/esbuild/-/esbuild-0.13.3.tgz"
  integrity sha512-98xovMLKnyhv3gcReUuAEi5Ig1rK6SIgvsJuBIcfwzqGSEHsV8UJjMlmkhHoHMf9XZybMpE9Zax8AA8f7i2hlQ==
  optionalDependencies:
    esbuild-android-arm64 "0.13.3"
    esbuild-darwin-64 "0.13.3"
    esbuild-darwin-arm64 "0.13.3"
    esbuild-freebsd-64 "0.13.3"
    esbuild-freebsd-arm64 "0.13.3"
    esbuild-linux-32 "0.13.3"
    esbuild-linux-64 "0.13.3"
    esbuild-linux-arm "0.13.3"
    esbuild-linux-arm64 "0.13.3"
    esbuild-linux-mips64le "0.13.3"
    esbuild-linux-ppc64le "0.13.3"
    esbuild-openbsd-64 "0.13.3"
    esbuild-sunos-64 "0.13.3"
    esbuild-windows-32 "0.13.3"
    esbuild-windows-64 "0.13.3"
    esbuild-windows-arm64 "0.13.3"

follow-redirects@^1.10.0:
  version "1.13.2"
  resolved "https://registry.npmjs.org/follow-redirects/-/follow-redirects-1.13.2.tgz"
  integrity sha512-6mPTgLxYm3r6Bkkg0vNM0HTjfGrOEtsfbhagQvbxDEsEkpNhw582upBaoRZylzen6krEmxXJgt9Ju6HiI4O7BA==

fs-minipass@^2.0.0:
  version "2.1.0"
  resolved "https://registry.npmjs.org/fs-minipass/-/fs-minipass-2.1.0.tgz"
  integrity sha512-V/JgOLFCS+R6Vcq0slCuaeWEdNC3ouDlJMNIsacH2VtALiu9mV4LPrHc5cDl8k5aw6J8jwgWWpiTo5RYhmIzvg==
  dependencies:
    minipass "^3.0.0"

fs.realpath@^1.0.0:
  version "1.0.0"
  resolved "https://registry.npmjs.org/fs.realpath/-/fs.realpath-1.0.0.tgz"
  integrity sha1-FQStJSMVjKpA20onh8sBQRmU6k8=

glob@^7.1.3:
  version "7.1.6"
  resolved "https://registry.npmjs.org/glob/-/glob-7.1.6.tgz"
  integrity sha512-LwaxwyZ72Lk7vZINtNNrywX0ZuLyStrdDtabefZKAY5ZGJhVtgdznluResxNmPitE0SAO+O26sWTHeKSI2wMBA==
  dependencies:
    fs.realpath "^1.0.0"
    inflight "^1.0.4"
    inherits "2"
    minimatch "^3.0.4"
    once "^1.3.0"
    path-is-absolute "^1.0.0"

inflight@^1.0.4:
  version "1.0.6"
  resolved "https://registry.npmjs.org/inflight/-/inflight-1.0.6.tgz"
  integrity sha1-Sb1jMdfQLQwJvJEKEHW6gWW1bfk=
  dependencies:
    once "^1.3.0"
    wrappy "1"

inherits@2:
  version "2.0.4"
  resolved "https://registry.npmjs.org/inherits/-/inherits-2.0.4.tgz"
  integrity sha512-k/vGaX4/Yla3WzyMCvTQOXYeIHvqOKtnqBduzTHpzpQZzAskKMhZ2K+EnBiSM9zGSoIFeMpXKxa4dYeZIQqewQ==

is-buffer@^1.1.5:
  version "1.1.6"
  resolved "https://registry.npmjs.org/is-buffer/-/is-buffer-1.1.6.tgz"
  integrity sha512-NcdALwpXkTm5Zvvbk7owOUSvVvBKDgKP5/ewfXEznmQFfs4ZRmanOeKBTjRVjka3QFoN6XJ+9F3USqfHqTaU5w==

is-even@^1.0.0:
  version "1.0.0"
  resolved "https://registry.npmjs.org/is-even/-/is-even-1.0.0.tgz"
  integrity sha1-drUFX7rY0pSoa2qUkBXhyXtxfAY=
  dependencies:
    is-odd "^0.1.2"

is-number@^3.0.0:
  version "3.0.0"
  resolved "https://registry.npmjs.org/is-number/-/is-number-3.0.0.tgz"
  integrity sha1-JP1iAaR4LPUFYcgQJ2r8fRLXEZU=
  dependencies:
    kind-of "^3.0.2"

is-odd@^0.1.2:
  version "0.1.2"
  resolved "https://registry.npmjs.org/is-odd/-/is-odd-0.1.2.tgz"
  integrity sha1-vFc7XONx7yqtbm9JeZtyvvE5eKc=
  dependencies:
    is-number "^3.0.0"

kind-of@^3.0.2:
  version "3.2.2"
  resolved "https://registry.npmjs.org/kind-of/-/kind-of-3.2.2.tgz"
  integrity sha1-MeohpzS6ubuw8yRm2JOupR5KPGQ=
  dependencies:
    is-buffer "^1.1.5"

minimatch@^3.0.4:
  version "3.0.4"
  resolved "https://registry.npmjs.org/minimatch/-/minimatch-3.0.4.tgz"
  integrity sha512-yJHVQEhyqPLUTgt9B83PXu6W3rx4MvvHvSUvToogpwoGDOUQ+yDrR0HRot+yOCdCO7u4hX3pWft6kWBBcqh0UA==
  dependencies:
    brace-expansion "^1.1.7"

minipass@^3.0.0:
  version "3.1.3"
  resolved "https://registry.npmjs.org/minipass/-/minipass-3.1.3.tgz"
  integrity sha512-Mgd2GdMVzY+x3IJ+oHnVM+KG3lA5c8tnabyJKmHSaG2kAGpudxuOf8ToDkhumF7UzME7DecbQE9uOZhNm7PuJg==
  dependencies:
    yallist "^4.0.0"

minizlib@^2.1.1:
  version "2.1.2"
  resolved "https://registry.npmjs.org/minizlib/-/minizlib-2.1.2.tgz"
  integrity sha512-bAxsR8BVfj60DWXHE3u30oHzfl4G7khkSuPW+qvpd7jFRHm7dLxOjUk1EHACJ/hxLY8phGJ0YhYHZo7jil7Qdg==
  dependencies:
    minipass "^3.0.0"
    yallist "^4.0.0"

mkdirp@^1.0.3:
  version "1.0.4"
  resolved "https://registry.npmjs.org/mkdirp/-/mkdirp-1.0.4.tgz"
  integrity sha512-vVqVZQyf3WLx2Shd0qJ9xuvqgAyKPLAiqITEtqW0oIUjzo3PePDd6fW9iFz30ef7Ysp/oiWqbhszeGWW2T6Gzw==

once@^1.3.0:
  version "1.4.0"
  resolved "https://registry.npmjs.org/once/-/once-1.4.0.tgz"
  integrity sha1-WDsap3WWHUsROsF9nFC6753Xa9E=
  dependencies:
    wrappy "1"

path-is-absolute@^1.0.0:
  version "1.0.1"
  resolved "https://registry.npmjs.org/path-is-absolute/-/path-is-absolute-1.0.1.tgz"
  integrity sha1-F0uSaHNVNP+8es5r9TpanhtcX18=

rimraf@^3.0.2:
  version "3.0.2"
  resolved "https://registry.npmjs.org/rimraf/-/rimraf-3.0.2.tgz"
  integrity sha512-JZkJMZkAGFFPP2YqXZXPbMlMBgsxzE8ILs4lMIX/2o0L9UBw9O/Y3o6wFw/i9YLapcUJWwqbi3kdxIPdC62TIA==
  dependencies:
    glob "^7.1.3"

tar@^6.1.10:
  version "6.1.10"
  resolved "https://registry.npmjs.org/tar/-/tar-6.1.10.tgz"
  integrity sha512-kvvfiVvjGMxeUNB6MyYv5z7vhfFRwbwCXJAeL0/lnbrttBVqcMOnpHUf0X42LrPMR8mMpgapkJMchFH4FSHzNA==
  dependencies:
    chownr "^2.0.0"
    fs-minipass "^2.0.0"
    minipass "^3.0.0"
    minizlib "^2.1.1"
    mkdirp "^1.0.3"
    yallist "^4.0.0"

wrappy@1:
  version "1.0.2"
  resolved "https://registry.npmjs.org/wrappy/-/wrappy-1.0.2.tgz"
  integrity sha1-tSQ9jz7BqjXxNkYFvA0QNuMKtp8=

yallist@^4.0.0:
  version "4.0.0"
  resolved "https://registry.npmjs.org/yallist/-/yallist-4.0.0.tgz"
  integrity sha512-3wdGidZyq5PB084XLES5TpOSRA3wjXAlIWMhum2kRcv/41Sn2emQ0dycQW4uZXLejwKvg6EsvbdlVL+FYEct7A==
