{
  "name": "@devcontainer/eoan-xfce-novnc",
  "version": "11.0.10",
  "lockfileVersion": 2,
  "requires": true,
  "packages": {
    "": {
      "name": "@devcontainer/eoan-xfce-novnc",
      "version": "11.0.10",
      "license": "BSD-3-Clause",
      "devDependencies": {
        "@devcontainer/generator": "11.0.10"
      }
    },
    "node_modules/@devcontainer/generator": {
      "version": "11.0.10",
      "resolved": "https://registry.npmjs.org/@devcontainer/generator/-/generator-11.0.10.tgz",
      "integrity": "sha512-yj+Lty/rqtOHvPDADl9EsIY8YO0edpmvPZh2gwUIEWDf9p6qLAeMwe27MtKEgSBb7sTUHjGCHaJ01Qu/gKjsmw==",
      "dev": true
    }
  },
  "dependencies": {
    "@devcontainer/generator": {
      "version": "11.0.10",
      "resolved": "https://registry.npmjs.org/@devcontainer/generator/-/generator-11.0.10.tgz",
      "integrity": "sha512-yj+Lty/rqtOHvPDADl9EsIY8YO0edpmvPZh2gwUIEWDf9p6qLAeMwe27MtKEgSBb7sTUHjGCHaJ01Qu/gKjsmw==",
      "dev": true
    }
  }
}
