{
  "name": "@devcontainer/eoan-xfce-novnc",
  "version": "11.0.19",
  "lockfileVersion": 2,
  "requires": true,
  "packages": {
    "": {
      "name": "@devcontainer/eoan-xfce-novnc",
      "version": "11.0.19",
      "license": "BSD-3-Clause",
      "devDependencies": {
        "@devcontainer/generator": "^11.0.19"
      }
    },
    "node_modules/@devcontainer/generator": {
      "version": "11.0.19",
      "resolved": "https://registry.npmjs.org/@devcontainer/generator/-/generator-11.0.19.tgz",
      "integrity": "sha512-jwhFw+xJo2bjf91s380DqbhmkbquYGQILrVFALOvSSpsovi1oWsBFKPw4Cb7p40z5LJ0LtGGugbd2AA41Iid1w==",
      "dev": true
    }
  },
  "dependencies": {
    "@devcontainer/generator": {
      "version": "11.0.19",
      "resolved": "https://registry.npmjs.org/@devcontainer/generator/-/generator-11.0.19.tgz",
      "integrity": "sha512-jwhFw+xJo2bjf91s380DqbhmkbquYGQILrVFALOvSSpsovi1oWsBFKPw4Cb7p40z5LJ0LtGGugbd2AA41Iid1w==",
      "dev": true
    }
  }
}
