{
  "name": "@devcontainer/eoan-xfce-novnc",
  "version": "11.0.20",
  "lockfileVersion": 2,
  "requires": true,
  "packages": {
    "": {
      "name": "@devcontainer/eoan-xfce-novnc",
      "version": "11.0.20",
      "license": "BSD-3-Clause",
      "devDependencies": {
        "@devcontainer/generator": "^11.0.20"
      }
    },
    "node_modules/@devcontainer/generator": {
      "version": "11.0.20",
      "resolved": "https://registry.npmjs.org/@devcontainer/generator/-/generator-11.0.20.tgz",
      "integrity": "sha512-0eL3I4YCNmPl2icAoY4/h8jlWx/d5GELOu0+LgfGsobtVaSbftyHO/SP98mU52FiH76ycCMPvV8BqQISOkyX+Q==",
      "dev": true
    }
  },
  "dependencies": {
    "@devcontainer/generator": {
      "version": "11.0.20",
      "resolved": "https://registry.npmjs.org/@devcontainer/generator/-/generator-11.0.20.tgz",
      "integrity": "sha512-0eL3I4YCNmPl2icAoY4/h8jlWx/d5GELOu0+LgfGsobtVaSbftyHO/SP98mU52FiH76ycCMPvV8BqQISOkyX+Q==",
      "dev": true
    }
  }
}
