{
  "name": "@devcontainer/cypress",
  "version": "11.1.6",
  "lockfileVersion": 2,
  "requires": true,
  "packages": {
    "": {
      "name": "@devcontainer/cypress",
      "version": "11.1.6",
      "license": "BSD-3-Clause",
      "devDependencies": {
        "@devcontainer/generator": "^11.1.6"
      }
    },
    "node_modules/@devcontainer/generator": {
      "version": "11.1.6",
      "resolved": "https://registry.npmjs.org/@devcontainer/generator/-/generator-11.1.6.tgz",
      "integrity": "sha512-yodvrQjpp3vjZsbWyZHcv3GWEo3p0+m1caDZHSseufJQucd66+VHCJlpiYQuEfPC7s1tIqSTJaIExFu9YjVJAA==",
      "dev": true
    }
  },
  "dependencies": {
    "@devcontainer/generator": {
      "version": "11.1.6",
      "resolved": "https://registry.npmjs.org/@devcontainer/generator/-/generator-11.1.6.tgz",
      "integrity": "sha512-yodvrQjpp3vjZsbWyZHcv3GWEo3p0+m1caDZHSseufJQucd66+VHCJlpiYQuEfPC7s1tIqSTJaIExFu9YjVJAA==",
      "dev": true
    }
  }
}
