# THIS IS AN AUTOGENERATED FILE. DO NOT EDIT THIS FILE DIRECTLY.
# yarn lockfile v1


"@zedvision/changedetector-ext@^0.0.5":
  version "0.0.5"
  resolved "https://registry.yarnpkg.com/@zedvision/changedetector-ext/-/changedetector-ext-0.0.5.tgz#904de1a0ab76d3323b93035fb12a05b394268df4"
  integrity sha512-6PQXuPmXVEyhUr3RYapD1yaJ8VAhU6qfNHsp8BidtI14seiq57sKKRAPC9eniyp03wmetwH59FCdpZBx9X3qAg==
