{
  "name": "@devcontainer/focal-devcontainer",
  "version": "10.14.4",
  "lockfileVersion": 2,
  "requires": true,
  "packages": {
    "": {
      "name": "@devcontainer/focal-devcontainer",
      "version": "10.14.4",
      "license": "BSD-3-Clause",
      "devDependencies": {
        "@devcontainer/generator": "^10.14.4"
      }
    },
    "node_modules/@devcontainer/generator": {
      "version": "10.14.4",
      "resolved": "https://registry.npmjs.org/@devcontainer/generator/-/generator-10.14.4.tgz",
      "integrity": "sha512-GKXO/fVkf6IUJ8kntGhBnnGgsa4wWpORQHdPNhkBbBqv4aiCcSEx3QcJaORSvG6s42h+4iUYVowAosSgKJsWQA==",
      "dev": true
    }
  },
  "dependencies": {
    "@devcontainer/generator": {
      "version": "10.14.4",
      "resolved": "https://registry.npmjs.org/@devcontainer/generator/-/generator-10.14.4.tgz",
      "integrity": "sha512-GKXO/fVkf6IUJ8kntGhBnnGgsa4wWpORQHdPNhkBbBqv4aiCcSEx3QcJaORSvG6s42h+4iUYVowAosSgKJsWQA==",
      "dev": true
    }
  }
}
