{
  "name": "@devcontainer/focal-devcontainer",
  "version": "8.4.13",
  "lockfileVersion": 2,
  "requires": true,
  "packages": {
    "": {
      "name": "@devcontainer/focal-devcontainer",
      "version": "8.4.13",
      "license": "BSD-3-Clause",
      "devDependencies": {
        "@devcontainer/generator": "^8.4.13",
        "load-text-file": "1.2.0",
        "wait-on": "5.2.0"
      }
    },
    "node_modules/@devcontainer/generator": {
      "version": "8.4.13",
      "resolved": "https://registry.npmjs.org/@devcontainer/generator/-/generator-8.4.13.tgz",
      "integrity": "sha512-RTUTrsXoHpok6iTE0nOkEsL+E7FqxqYA1eFMs/PGCbl8gKdQdyHEh+wjZ1xL4psx0v6NKJ4otFapjotTEyqgKw==",
      "dev": true,
      "license": "MIT"
    },
    "node_modules/load-text-file": {
      "version": "1.2.0",
      "resolved": "https://registry.npmjs.org/load-text-file/-/load-text-file-1.2.0.tgz",
      "integrity": "sha512-IyuyKI9fsa1XqB/EHn8fM/1FpGR8FV57ll0/T9iSC3vuC4msk9hXSQc7jc6UIbvSooQIUTwYp8/X44umR4MG+Q==",
      "dev": true,
      "license": "MIT",
      "dependencies": {
        "graceful-fs": "^4.0.0",
        "pify": "^3.0.0 || ^4.0.0",
        "strip-bom": "^3.0.0"
      },
      "engines": {
        "node": ">=6"
      }
    },
    "node_modules/wait-on": {
      "version": "5.2.0",
      "resolved": "https://registry.npmjs.org/wait-on/-/wait-on-5.2.0.tgz",
      "integrity": "sha512-U1D9PBgGw2XFc6iZqn45VBubw02VsLwnZWteQ1au4hUVHasTZuFSKRzlTB2dqgLhji16YVI8fgpEpwUdCr8B6g==",
      "dev": true,
      "license": "MIT",
      "dependencies": {
        "axios": "^0.19.2",
        "joi": "^17.1.1",
        "lodash": "^4.17.19",
        "minimist": "^1.2.5",
        "rxjs": "^6.5.5"
      },
      "bin": {
        "wait-on": "bin/wait-on"
      },
      "engines": {
        "node": ">=8.9.0"
      }
    }
  },
  "dependencies": {
    "@devcontainer/generator": {
      "version": "8.4.13",
      "resolved": "https://registry.npmjs.org/@devcontainer/generator/-/generator-8.4.13.tgz",
      "integrity": "sha512-RTUTrsXoHpok6iTE0nOkEsL+E7FqxqYA1eFMs/PGCbl8gKdQdyHEh+wjZ1xL4psx0v6NKJ4otFapjotTEyqgKw==",
      "dev": true
    },
    "load-text-file": {
      "version": "1.2.0",
      "resolved": "https://registry.npmjs.org/load-text-file/-/load-text-file-1.2.0.tgz",
      "integrity": "sha512-IyuyKI9fsa1XqB/EHn8fM/1FpGR8FV57ll0/T9iSC3vuC4msk9hXSQc7jc6UIbvSooQIUTwYp8/X44umR4MG+Q==",
      "dev": true,
      "requires": {
        "graceful-fs": "^4.0.0",
        "pify": "^3.0.0 || ^4.0.0",
        "strip-bom": "^3.0.0"
      }
    },
    "wait-on": {
      "version": "5.2.0",
      "resolved": "https://registry.npmjs.org/wait-on/-/wait-on-5.2.0.tgz",
      "integrity": "sha512-U1D9PBgGw2XFc6iZqn45VBubw02VsLwnZWteQ1au4hUVHasTZuFSKRzlTB2dqgLhji16YVI8fgpEpwUdCr8B6g==",
      "dev": true,
      "requires": {
        "axios": "^0.19.2",
        "joi": "^17.1.1",
        "lodash": "^4.17.19",
        "minimist": "^1.2.5",
        "rxjs": "^6.5.5"
      }
    }
  }
}
