{
  "name": "@zedvision/qrious",
  "version": "11.1.0",
  "lockfileVersion": 2,
  "requires": true,
  "packages": {
    "": {
      "name": "@zedvision/qrious",
      "version": "11.1.0",
      "license": "GPL-3.0",
      "devDependencies": {
        "@zedvision/dts-gen": "^11.1.0",
        "esbuild": "0.8.28",
        "qrious-core": "4.0.0"
      }
    },
    "node_modules/@zedvision/dts-gen": {
      "version": "11.1.0",
      "resolved": "https://registry.npmjs.org/@zedvision/dts-gen/-/dts-gen-11.1.0.tgz",
      "integrity": "sha512-nLnonG2C+1VNJVkQ9ukUSsle/gqthYcKbNoGYSU+SJtvRD/C5p+N8U8u2YnNMKTFuV6jDgtgkPvvZ00qrpFLdA==",
      "dev": true,
      "dependencies": {
        "dts-dom": "3.6.0",
        "parse-git-config": "3.0.0"
      },
      "bin": {
        "dts-gen": "bin/lib/run.js"
      },
      "engines": {
        "node": ">=12.0.0"
      }
    },
    "node_modules/dts-dom": {
      "version": "3.6.0",
      "resolved": "https://registry.npmjs.org/dts-dom/-/dts-dom-3.6.0.tgz",
      "integrity": "sha512-on5jxTgt+A6r0Zyyz6ZRHXaAO7J1VPnOd6+AmvI1vH440AlAZZNc5rUHzgPuTjGlrVr1rOWQYNl7ZJK6rDohbw==",
      "dev": true
    },
    "node_modules/esbuild": {
      "version": "0.8.28",
      "resolved": "https://registry.npmjs.org/esbuild/-/esbuild-0.8.28.tgz",
      "integrity": "sha512-8u4PliPrsELMwl0X4ChPJvlNfoSh5OSpLHcAFFiipi2m/k+9i4cEjQB8rztLiiqO7kXnL+IaNU36StgnpHhOwA==",
      "dev": true,
      "hasInstallScript": true,
      "bin": {
        "esbuild": "bin/esbuild"
      }
    },
    "node_modules/git-config-path": {
      "version": "2.0.0",
      "resolved": "https://registry.npmjs.org/git-config-path/-/git-config-path-2.0.0.tgz",
      "integrity": "sha512-qc8h1KIQbJpp+241id3GuAtkdyJ+IK+LIVtkiFTRKRrmddDzs3SI9CvP1QYmWBFvm1I/PWRwj//of8bgAc0ltA==",
      "dev": true,
      "engines": {
        "node": ">=4"
      }
    },
    "node_modules/ini": {
      "version": "1.3.8",
      "resolved": "https://registry.npmjs.org/ini/-/ini-1.3.8.tgz",
      "integrity": "sha512-JV/yugV2uzW5iMRSiZAyDtQd+nxtUnjeLt0acNdw98kKLrvuRVyB80tsREOE7yvGVgalhZ6RNXCmEHkUKBKxew==",
      "dev": true
    },
    "node_modules/nevis": {
      "version": "0.5.0",
      "resolved": "https://registry.npmjs.org/nevis/-/nevis-0.5.0.tgz",
      "integrity": "sha1-7a64i4zTL+vaixUxT/iGJ4PUbRo=",
      "dev": true
    },
    "node_modules/parse-git-config": {
      "version": "3.0.0",
      "resolved": "https://registry.npmjs.org/parse-git-config/-/parse-git-config-3.0.0.tgz",
      "integrity": "sha512-wXoQGL1D+2COYWCD35/xbiKma1Z15xvZL8cI25wvxzled58V51SJM04Urt/uznS900iQor7QO04SgdfT/XlbuA==",
      "dev": true,
      "dependencies": {
        "git-config-path": "^2.0.0",
        "ini": "^1.3.5"
      },
      "engines": {
        "node": ">=8"
      }
    },
    "node_modules/qrious-core": {
      "version": "4.0.0",
      "resolved": "https://registry.npmjs.org/qrious-core/-/qrious-core-4.0.0.tgz",
      "integrity": "sha512-pZ2GEfc9F1uFCmmS8BQZa/cP0zf3LGNCgPxa/hD+Lt5Xm0QVzYC13cdENjztJ0qk4cgrXLSJfjjMnooR+oLYGw==",
      "dev": true,
      "dependencies": {
        "nevis": "^0.5.0"
      }
    }
  },
  "dependencies": {
    "@zedvision/dts-gen": {
      "version": "11.1.0",
      "resolved": "https://registry.npmjs.org/@zedvision/dts-gen/-/dts-gen-11.1.0.tgz",
      "integrity": "sha512-nLnonG2C+1VNJVkQ9ukUSsle/gqthYcKbNoGYSU+SJtvRD/C5p+N8U8u2YnNMKTFuV6jDgtgkPvvZ00qrpFLdA==",
      "dev": true,
      "requires": {
        "dts-dom": "3.6.0",
        "parse-git-config": "3.0.0"
      }
    },
    "dts-dom": {
      "version": "3.6.0",
      "resolved": "https://registry.npmjs.org/dts-dom/-/dts-dom-3.6.0.tgz",
      "integrity": "sha512-on5jxTgt+A6r0Zyyz6ZRHXaAO7J1VPnOd6+AmvI1vH440AlAZZNc5rUHzgPuTjGlrVr1rOWQYNl7ZJK6rDohbw==",
      "dev": true
    },
    "esbuild": {
      "version": "0.8.28",
      "resolved": "https://registry.npmjs.org/esbuild/-/esbuild-0.8.28.tgz",
      "integrity": "sha512-8u4PliPrsELMwl0X4ChPJvlNfoSh5OSpLHcAFFiipi2m/k+9i4cEjQB8rztLiiqO7kXnL+IaNU36StgnpHhOwA==",
      "dev": true
    },
    "git-config-path": {
      "version": "2.0.0",
      "resolved": "https://registry.npmjs.org/git-config-path/-/git-config-path-2.0.0.tgz",
      "integrity": "sha512-qc8h1KIQbJpp+241id3GuAtkdyJ+IK+LIVtkiFTRKRrmddDzs3SI9CvP1QYmWBFvm1I/PWRwj//of8bgAc0ltA==",
      "dev": true
    },
    "ini": {
      "version": "1.3.8",
      "resolved": "https://registry.npmjs.org/ini/-/ini-1.3.8.tgz",
      "integrity": "sha512-JV/yugV2uzW5iMRSiZAyDtQd+nxtUnjeLt0acNdw98kKLrvuRVyB80tsREOE7yvGVgalhZ6RNXCmEHkUKBKxew==",
      "dev": true
    },
    "nevis": {
      "version": "0.5.0",
      "resolved": "https://registry.npmjs.org/nevis/-/nevis-0.5.0.tgz",
      "integrity": "sha1-7a64i4zTL+vaixUxT/iGJ4PUbRo=",
      "dev": true
    },
    "parse-git-config": {
      "version": "3.0.0",
      "resolved": "https://registry.npmjs.org/parse-git-config/-/parse-git-config-3.0.0.tgz",
      "integrity": "sha512-wXoQGL1D+2COYWCD35/xbiKma1Z15xvZL8cI25wvxzled58V51SJM04Urt/uznS900iQor7QO04SgdfT/XlbuA==",
      "dev": true,
      "requires": {
        "git-config-path": "^2.0.0",
        "ini": "^1.3.5"
      }
    },
    "qrious-core": {
      "version": "4.0.0",
      "resolved": "https://registry.npmjs.org/qrious-core/-/qrious-core-4.0.0.tgz",
      "integrity": "sha512-pZ2GEfc9F1uFCmmS8BQZa/cP0zf3LGNCgPxa/hD+Lt5Xm0QVzYC13cdENjztJ0qk4cgrXLSJfjjMnooR+oLYGw==",
      "dev": true,
      "requires": {
        "nevis": "^0.5.0"
      }
    }
  }
}
