{
    "name": "@zedvision/shadb",
    "version": "8.5.3",
    "lockfileVersion": 2,
    "requires": true,
    "packages": {
        "": {
            "name": "@zedvision/shadb",
            "version": "8.5.3",
            "license": "MIT",
            "dependencies": {
                "esbuild": "0.8.23"
            }
        },
        "node_modules/esbuild": {
            "version": "0.8.23",
            "resolved": "https://registry.npmjs.org/esbuild/-/esbuild-0.8.23.tgz",
            "integrity": "sha512-LkgCmotGnhVgRGxjDkTBBYrnJ5stcxK+40cEJGtXUS16hcAWy90cn1qjxKCogzLPJ75gW/L6ejly7VKrMstVGQ==",
            "hasInstallScript": true,
            "bin": {
                "esbuild": "bin/esbuild"
            }
        }
    },
    "dependencies": {
        "esbuild": {
            "version": "0.8.23",
            "resolved": "https://registry.npmjs.org/esbuild/-/esbuild-0.8.23.tgz",
            "integrity": "sha512-LkgCmotGnhVgRGxjDkTBBYrnJ5stcxK+40cEJGtXUS16hcAWy90cn1qjxKCogzLPJ75gW/L6ejly7VKrMstVGQ=="
        }
    }
}
