{
  "name": "@zedvision/jsframe",
  "version": "10.12.24",
  "lockfileVersion": 1,
  "requires": true,
  "dependencies": {
    "@riversun/event-emitter": {
      "version": "1.5.0",
      "resolved": "https://registry.npmjs.org/@riversun/event-emitter/-/event-emitter-1.5.0.tgz",
      "integrity": "sha512-+MLK1qrBHfthFfNIjboz0nWeCcbdC2zjAzDCM+eh+PZv6ZYDw7+/dszqgy4Ud+MbrvEDjmIxdPo3bG/lNE4MmA=="
    },
    "esbuild": {
      "version": "0.8.26",
      "resolved": "https://registry.npmjs.org/esbuild/-/esbuild-0.8.26.tgz",
      "integrity": "sha512-u3MMHOOumdWoAKF+073GHPpzvVB2cM+y9VD4ZwYs1FAQ6atRPISya35dbrbOu/mM68mQ42P+nwPzQVBTfQhkvQ==",
      "dev": true
    },
    "event-listener-helper": {
      "version": "1.1.2",
      "resolved": "https://registry.npmjs.org/event-listener-helper/-/event-listener-helper-1.1.2.tgz",
      "integrity": "sha512-UHd160GSYNE7UOV292DKXRdwV7svDzfFwU9zdiyaB+3y/4rECA6tfV5QX7AHsafCPTGpnBe6bEZSyJPsdxyBYw=="
    },
    "merge-deeply": {
      "version": "3.0.0",
      "resolved": "https://registry.npmjs.org/merge-deeply/-/merge-deeply-3.0.0.tgz",
      "integrity": "sha512-16bQw49VVX33ANiqfgfQyZEZi7oE8r6o/90IHFNoKGqjqFNi/WhKSuKAx8uSH0vULJNegJNhjibKVeA9xqq5tg=="
    }
  }
}
