{
  "name": "@zedvision/jsframe",
  "version": "8.4.13",
  "lockfileVersion": 2,
  "requires": true,
  "packages": {
    "": {
      "name": "@zedvision/jsframe",
      "version": "8.4.13",
      "license": "MIT",
      "dependencies": {
        "@riversun/event-emitter": "1.5.0",
        "event-listener-helper": "1.1.2",
        "merge-deeply": "3.0.0"
      },
      "devDependencies": {
        "@babel/core": "7.12.10",
        "@babel/preset-env": "7.12.10",
        "babel-loader": "8.2.2",
        "cross-env": "7.0.3",
        "css-loader": "5.0.1",
        "esbuild": "0.8.22",
        "style-loader": "2.0.0",
        "terser-webpack-plugin": "5.0.3",
        "webpack": "5.10.1",
        "webpack-cli": "4.2.0",
        "webpack-dev-server": "3.11.0"
      }
    },
    "node_modules/@babel/core": {
      "version": "7.12.10",
      "resolved": "https://registry.npmjs.org/@babel/core/-/core-7.12.10.tgz",
      "integrity": "sha512-eTAlQKq65zHfkHZV0sIVODCPGVgoo1HdBlbSLi9CqOzuZanMv2ihzY+4paiKr1mH+XmYESMAmJ/dpZ68eN6d8w==",
      "dev": true,
      "license": "MIT",
      "dependencies": {
        "@babel/code-frame": "^7.10.4",
        "@babel/generator": "^7.12.10",
        "@babel/helper-module-transforms": "^7.12.1",
        "@babel/helpers": "^7.12.5",
        "@babel/parser": "^7.12.10",
        "@babel/template": "^7.12.7",
        "@babel/traverse": "^7.12.10",
        "@babel/types": "^7.12.10",
        "convert-source-map": "^1.7.0",
        "debug": "^4.1.0",
        "gensync": "^1.0.0-beta.1",
        "json5": "^2.1.2",
        "lodash": "^4.17.19",
        "semver": "^5.4.1",
        "source-map": "^0.5.0"
      },
      "engines": {
        "node": ">=6.9.0"
      },
      "funding": {
        "type": "opencollective",
        "url": "https://opencollective.com/babel"
      }
    },
    "node_modules/@babel/preset-env": {
      "version": "7.12.10",
      "resolved": "https://registry.npmjs.org/@babel/preset-env/-/preset-env-7.12.10.tgz",
      "integrity": "sha512-Gz9hnBT/tGeTE2DBNDkD7BiWRELZt+8lSysHuDwmYXUIvtwZl0zI+D6mZgXZX0u8YBlLS4tmai9ONNY9tjRgRA==",
      "dev": true,
      "license": "MIT",
      "dependencies": {
        "@babel/compat-data": "^7.12.7",
        "@babel/helper-compilation-targets": "^7.12.5",
        "@babel/helper-module-imports": "^7.12.5",
        "@babel/helper-plugin-utils": "^7.10.4",
        "@babel/helper-validator-option": "^7.12.1",
        "@babel/plugin-proposal-async-generator-functions": "^7.12.1",
        "@babel/plugin-proposal-class-properties": "^7.12.1",
        "@babel/plugin-proposal-dynamic-import": "^7.12.1",
        "@babel/plugin-proposal-export-namespace-from": "^7.12.1",
        "@babel/plugin-proposal-json-strings": "^7.12.1",
        "@babel/plugin-proposal-logical-assignment-operators": "^7.12.1",
        "@babel/plugin-proposal-nullish-coalescing-operator": "^7.12.1",
        "@babel/plugin-proposal-numeric-separator": "^7.12.7",
        "@babel/plugin-proposal-object-rest-spread": "^7.12.1",
        "@babel/plugin-proposal-optional-catch-binding": "^7.12.1",
        "@babel/plugin-proposal-optional-chaining": "^7.12.7",
        "@babel/plugin-proposal-private-methods": "^7.12.1",
        "@babel/plugin-proposal-unicode-property-regex": "^7.12.1",
        "@babel/plugin-syntax-async-generators": "^7.8.0",
        "@babel/plugin-syntax-class-properties": "^7.12.1",
        "@babel/plugin-syntax-dynamic-import": "^7.8.0",
        "@babel/plugin-syntax-export-namespace-from": "^7.8.3",
        "@babel/plugin-syntax-json-strings": "^7.8.0",
        "@babel/plugin-syntax-logical-assignment-operators": "^7.10.4",
        "@babel/plugin-syntax-nullish-coalescing-operator": "^7.8.0",
        "@babel/plugin-syntax-numeric-separator": "^7.10.4",
        "@babel/plugin-syntax-object-rest-spread": "^7.8.0",
        "@babel/plugin-syntax-optional-catch-binding": "^7.8.0",
        "@babel/plugin-syntax-optional-chaining": "^7.8.0",
        "@babel/plugin-syntax-top-level-await": "^7.12.1",
        "@babel/plugin-transform-arrow-functions": "^7.12.1",
        "@babel/plugin-transform-async-to-generator": "^7.12.1",
        "@babel/plugin-transform-block-scoped-functions": "^7.12.1",
        "@babel/plugin-transform-block-scoping": "^7.12.1",
        "@babel/plugin-transform-classes": "^7.12.1",
        "@babel/plugin-transform-computed-properties": "^7.12.1",
        "@babel/plugin-transform-destructuring": "^7.12.1",
        "@babel/plugin-transform-dotall-regex": "^7.12.1",
        "@babel/plugin-transform-duplicate-keys": "^7.12.1",
        "@babel/plugin-transform-exponentiation-operator": "^7.12.1",
        "@babel/plugin-transform-for-of": "^7.12.1",
        "@babel/plugin-transform-function-name": "^7.12.1",
        "@babel/plugin-transform-literals": "^7.12.1",
        "@babel/plugin-transform-member-expression-literals": "^7.12.1",
        "@babel/plugin-transform-modules-amd": "^7.12.1",
        "@babel/plugin-transform-modules-commonjs": "^7.12.1",
        "@babel/plugin-transform-modules-systemjs": "^7.12.1",
        "@babel/plugin-transform-modules-umd": "^7.12.1",
        "@babel/plugin-transform-named-capturing-groups-regex": "^7.12.1",
        "@babel/plugin-transform-new-target": "^7.12.1",
        "@babel/plugin-transform-object-super": "^7.12.1",
        "@babel/plugin-transform-parameters": "^7.12.1",
        "@babel/plugin-transform-property-literals": "^7.12.1",
        "@babel/plugin-transform-regenerator": "^7.12.1",
        "@babel/plugin-transform-reserved-words": "^7.12.1",
        "@babel/plugin-transform-shorthand-properties": "^7.12.1",
        "@babel/plugin-transform-spread": "^7.12.1",
        "@babel/plugin-transform-sticky-regex": "^7.12.7",
        "@babel/plugin-transform-template-literals": "^7.12.1",
        "@babel/plugin-transform-typeof-symbol": "^7.12.10",
        "@babel/plugin-transform-unicode-escapes": "^7.12.1",
        "@babel/plugin-transform-unicode-regex": "^7.12.1",
        "@babel/preset-modules": "^0.1.3",
        "@babel/types": "^7.12.10",
        "core-js-compat": "^3.8.0",
        "semver": "^5.5.0"
      },
      "peerDependencies": {
        "@babel/core": "^7.0.0-0"
      }
    },
    "node_modules/@riversun/event-emitter": {
      "version": "1.5.0",
      "resolved": "https://registry.npmjs.org/@riversun/event-emitter/-/event-emitter-1.5.0.tgz",
      "integrity": "sha512-+MLK1qrBHfthFfNIjboz0nWeCcbdC2zjAzDCM+eh+PZv6ZYDw7+/dszqgy4Ud+MbrvEDjmIxdPo3bG/lNE4MmA=="
    },
    "node_modules/@types/json-schema": {
      "version": "7.0.6",
      "resolved": "https://registry.npmjs.org/@types/json-schema/-/json-schema-7.0.6.tgz",
      "integrity": "sha512-3c+yGKvVP5Y9TYBEibGNR+kLtijnj7mYrXRg+WpFb2X9xm04g/DXYkfg4hmzJQosc9snFNUPkbYIhu+KAm6jJw==",
      "dev": true
    },
    "node_modules/@types/node": {
      "version": "14.14.13",
      "resolved": "https://registry.npmjs.org/@types/node/-/node-14.14.13.tgz",
      "integrity": "sha512-vbxr0VZ8exFMMAjCW8rJwaya0dMCDyYW2ZRdTyjtrCvJoENMpdUHOT/eTzvgyA5ZnqRZ/sI0NwqAxNHKYokLJQ==",
      "dev": true
    },
    "node_modules/@webpack-cli/info": {
      "dev": true
    },
    "node_modules/@webpack-cli/serve": {
      "dev": true
    },
    "node_modules/ajv": {
      "version": "6.12.6",
      "resolved": "https://registry.npmjs.org/ajv/-/ajv-6.12.6.tgz",
      "integrity": "sha512-j3fVLgvTo527anyYyJOGTYJbG+vnnQYvE0m5mmkc1TK+nxAppkCLMIL0aZ4dblVCNoGShhm+kzE4ZUykBoMg4g==",
      "dev": true,
      "dependencies": {
        "fast-deep-equal": "^3.1.1",
        "fast-json-stable-stringify": "^2.0.0",
        "json-schema-traverse": "^0.4.1",
        "uri-js": "^4.2.2"
      },
      "funding": {
        "type": "github",
        "url": "https://github.com/sponsors/epoberezkin"
      }
    },
    "node_modules/ajv-keywords": {
      "version": "3.5.2",
      "resolved": "https://registry.npmjs.org/ajv-keywords/-/ajv-keywords-3.5.2.tgz",
      "integrity": "sha512-5p6WTN0DdTGVQk6VjcEju19IgaHudalcfabD7yhDGeA6bcQnmL+CpveLJq/3hvfwd1aof6L386Ougkx6RfyMIQ==",
      "dev": true,
      "peerDependencies": {
        "ajv": "^6.9.1"
      }
    },
    "node_modules/babel-loader": {
      "version": "8.2.2",
      "resolved": "https://registry.npmjs.org/babel-loader/-/babel-loader-8.2.2.tgz",
      "integrity": "sha512-JvTd0/D889PQBtUXJ2PXaKU/pjZDMtHA9V2ecm+eNRmmBCMR09a+fmpGTNwnJtFmFl5Ei7Vy47LjBb+L0wQ99g==",
      "dev": true,
      "license": "MIT",
      "dependencies": {
        "find-cache-dir": "^3.3.1",
        "loader-utils": "^1.4.0",
        "make-dir": "^3.1.0",
        "schema-utils": "^2.6.5"
      },
      "engines": {
        "node": ">= 8.9"
      },
      "peerDependencies": {
        "@babel/core": "^7.0.0",
        "webpack": ">=2"
      }
    },
    "node_modules/bindings": {
      "version": "1.5.0",
      "resolved": "https://registry.npmjs.org/bindings/-/bindings-1.5.0.tgz",
      "integrity": "sha512-p2q/t/mhvuOj/UeLlV6566GD/guowlr0hHxClI0W9m7MWYkL1F0hLo+0Aexs9HSPCtR1SXQ0TD3MMKrXZajbiQ==",
      "extraneous": true,
      "license": "MIT",
      "dependencies": {
        "file-uri-to-path": "1.0.0"
      }
    },
    "node_modules/buffer-from": {
      "version": "1.1.1",
      "resolved": "https://registry.npmjs.org/buffer-from/-/buffer-from-1.1.1.tgz",
      "integrity": "sha512-MQcXEUbCKtEo7bhqEs6560Hyd4XaovZlO/k9V3hjVUF/zwW7KBVdSK4gIt/bzwS9MbR5qob+F5jusZsb0YQK2A==",
      "dev": true
    },
    "node_modules/commander": {
      "version": "2.20.3",
      "resolved": "https://registry.npmjs.org/commander/-/commander-2.20.3.tgz",
      "integrity": "sha512-GpVkmM8vF2vQUkj2LvZmD35JxeJOLCwJ9cUkugyk2nuhbv3+mJvpLYYt+0+USMxE+oj+ey/lJEnhZw75x/OMcQ==",
      "dev": true
    },
    "node_modules/cross-env": {
      "version": "7.0.3",
      "resolved": "https://registry.npmjs.org/cross-env/-/cross-env-7.0.3.tgz",
      "integrity": "sha512-+/HKd6EgcQCJGh2PSjZuUitQBQynKor4wrFbRg4DtAgS1aWO+gU52xpH7M9ScGgXSYmAVS9bIJ8EzuaGw0oNAw==",
      "dev": true,
      "license": "MIT",
      "dependencies": {
        "cross-spawn": "^7.0.1"
      },
      "bin": {
        "cross-env": "src/bin/cross-env.js",
        "cross-env-shell": "src/bin/cross-env-shell.js"
      },
      "engines": {
        "node": ">=10.14",
        "npm": ">=6",
        "yarn": ">=1"
      }
    },
    "node_modules/css-loader": {
      "version": "5.0.1",
      "resolved": "https://registry.npmjs.org/css-loader/-/css-loader-5.0.1.tgz",
      "integrity": "sha512-cXc2ti9V234cq7rJzFKhirb2L2iPy8ZjALeVJAozXYz9te3r4eqLSixNAbMDJSgJEQywqXzs8gonxaboeKqwiw==",
      "dev": true,
      "license": "MIT",
      "dependencies": {
        "camelcase": "^6.2.0",
        "cssesc": "^3.0.0",
        "icss-utils": "^5.0.0",
        "loader-utils": "^2.0.0",
        "postcss": "^8.1.4",
        "postcss-modules-extract-imports": "^3.0.0",
        "postcss-modules-local-by-default": "^4.0.0",
        "postcss-modules-scope": "^3.0.0",
        "postcss-modules-values": "^4.0.0",
        "postcss-value-parser": "^4.1.0",
        "schema-utils": "^3.0.0",
        "semver": "^7.3.2"
      },
      "engines": {
        "node": ">= 10.13.0"
      },
      "funding": {
        "type": "opencollective",
        "url": "https://opencollective.com/webpack"
      },
      "peerDependencies": {
        "webpack": "^4.27.0 || ^5.0.0"
      }
    },
    "node_modules/esbuild": {
      "version": "0.8.22",
      "resolved": "https://registry.npmjs.org/esbuild/-/esbuild-0.8.22.tgz",
      "integrity": "sha512-7cgcJwjff5pw6JLTpUyN3QZ6raOYamfvBt7ry0tyGZwZJ/W8mJrHuv+VC5rbNEO4Mz8s8ElmcavKc7R2g1HWow==",
      "dev": true,
      "hasInstallScript": true,
      "license": "MIT",
      "bin": {
        "esbuild": "bin/esbuild"
      }
    },
    "node_modules/event-listener-helper": {
      "version": "1.1.2",
      "resolved": "https://registry.npmjs.org/event-listener-helper/-/event-listener-helper-1.1.2.tgz",
      "integrity": "sha512-UHd160GSYNE7UOV292DKXRdwV7svDzfFwU9zdiyaB+3y/4rECA6tfV5QX7AHsafCPTGpnBe6bEZSyJPsdxyBYw=="
    },
    "node_modules/fast-deep-equal": {
      "version": "3.1.3",
      "resolved": "https://registry.npmjs.org/fast-deep-equal/-/fast-deep-equal-3.1.3.tgz",
      "integrity": "sha512-f3qQ9oQy9j2AhBe/H9VC91wLmKBCCU/gDOnKNAYG5hswO7BLKj09Hc5HYNz9cGI++xlpDCIgDaitVs03ATR84Q==",
      "dev": true
    },
    "node_modules/fast-json-stable-stringify": {
      "version": "2.1.0",
      "resolved": "https://registry.npmjs.org/fast-json-stable-stringify/-/fast-json-stable-stringify-2.1.0.tgz",
      "integrity": "sha512-lhd/wF+Lk98HZoTCtlVraHtfh5XYijIjalXck7saUtuanSDyLMxnHhSXEDJqHxD7msR8D0uCmqlkwjCV8xvwHw==",
      "dev": true
    },
    "node_modules/has-flag": {
      "version": "4.0.0",
      "resolved": "https://registry.npmjs.org/has-flag/-/has-flag-4.0.0.tgz",
      "integrity": "sha512-EykJT/Q1KjTWctppgIAgfSO0tKVuZUjhgMr17kqTumMl6Afv3EISleU7qZUzoXDFTAHTDC4NOoG/ZxU3EvlMPQ==",
      "dev": true,
      "engines": {
        "node": ">=8"
      }
    },
    "node_modules/jest-worker": {
      "version": "26.6.2",
      "resolved": "https://registry.npmjs.org/jest-worker/-/jest-worker-26.6.2.tgz",
      "integrity": "sha512-KWYVV1c4i+jbMpaBC+U++4Va0cp8OisU185o73T1vo99hqi7w8tSJfUXYswwqqrjzwxa6KpRK54WhPvwf5w6PQ==",
      "dev": true,
      "dependencies": {
        "@types/node": "*",
        "merge-stream": "^2.0.0",
        "supports-color": "^7.0.0"
      },
      "engines": {
        "node": ">= 10.13.0"
      }
    },
    "node_modules/json-schema-traverse": {
      "version": "0.4.1",
      "resolved": "https://registry.npmjs.org/json-schema-traverse/-/json-schema-traverse-0.4.1.tgz",
      "integrity": "sha512-xbbCH5dCYU5T8LcEhhuh7HJ88HXuW3qsI3Y0zOZFKfZEHcpWiHU/Jxzk629Brsab/mMiHQti9wMP+845RPe3Vg==",
      "dev": true
    },
    "node_modules/merge-deeply": {
      "version": "3.0.0",
      "resolved": "https://registry.npmjs.org/merge-deeply/-/merge-deeply-3.0.0.tgz",
      "integrity": "sha512-16bQw49VVX33ANiqfgfQyZEZi7oE8r6o/90IHFNoKGqjqFNi/WhKSuKAx8uSH0vULJNegJNhjibKVeA9xqq5tg=="
    },
    "node_modules/merge-stream": {
      "version": "2.0.0",
      "resolved": "https://registry.npmjs.org/merge-stream/-/merge-stream-2.0.0.tgz",
      "integrity": "sha512-abv/qOcuPfk3URPfDzmZU1LKmuw8kT+0nIHvKrKgFrwifol/doWcdA4ZqsWQ8ENrFKkd67Mfpo/LovbIUsbt3w==",
      "dev": true
    },
    "node_modules/nan": {
      "version": "2.14.2",
      "resolved": "https://registry.npmjs.org/nan/-/nan-2.14.2.tgz",
      "integrity": "sha512-M2ufzIiINKCuDfBSAUr1vWQ+vuVcA9kqx8JJUsbQi6yf1uGRyb7HfpdfUr5qLXf3B/t8dPvcjhKMmlfnP47EzQ==",
      "extraneous": true,
      "license": "MIT"
    },
    "node_modules/p-limit": {
      "version": "3.1.0",
      "resolved": "https://registry.npmjs.org/p-limit/-/p-limit-3.1.0.tgz",
      "integrity": "sha512-TYOanM3wGwNGsZN2cVTYPArw454xnXj5qmWF1bEoAc4+cU/ol7GVh7odevjp1FNHduHc3KZMcFduxU5Xc6uJRQ==",
      "dev": true,
      "dependencies": {
        "yocto-queue": "^0.1.0"
      },
      "engines": {
        "node": ">=10"
      },
      "funding": {
        "url": "https://github.com/sponsors/sindresorhus"
      }
    },
    "node_modules/postcss": {
      "dev": true
    },
    "node_modules/punycode": {
      "version": "2.1.1",
      "resolved": "https://registry.npmjs.org/punycode/-/punycode-2.1.1.tgz",
      "integrity": "sha512-XRsRjdf+j5ml+y/6GKHPZbrF/8p2Yga0JPtdqTIY2Xe5ohJPD9saDJJLPvp9+NSBprVvevdXZybnj2cv8OEd0A==",
      "dev": true,
      "engines": {
        "node": ">=6"
      }
    },
    "node_modules/randombytes": {
      "version": "2.1.0",
      "resolved": "https://registry.npmjs.org/randombytes/-/randombytes-2.1.0.tgz",
      "integrity": "sha512-vYl3iOX+4CKUWuxGi9Ukhie6fsqXqS9FE2Zaic4tNFD2N2QQaXOMFbuKK4QmDHC0JO6B1Zp41J0LpT0oR68amQ==",
      "dev": true,
      "dependencies": {
        "safe-buffer": "^5.1.0"
      }
    },
    "node_modules/safe-buffer": {
      "version": "5.2.1",
      "resolved": "https://registry.npmjs.org/safe-buffer/-/safe-buffer-5.2.1.tgz",
      "integrity": "sha512-rp3So07KcdmmKbGvgaNxQSJr7bGVSVk5S9Eq1F+ppbRo70+YeaDxkw5Dd8NPN+GD6bjnYm2VuPuCXmpuYvmCXQ==",
      "dev": true,
      "funding": [
        {
          "type": "github",
          "url": "https://github.com/sponsors/feross"
        },
        {
          "type": "patreon",
          "url": "https://www.patreon.com/feross"
        },
        {
          "type": "consulting",
          "url": "https://feross.org/support"
        }
      ]
    },
    "node_modules/schema-utils": {
      "version": "3.0.0",
      "resolved": "https://registry.npmjs.org/schema-utils/-/schema-utils-3.0.0.tgz",
      "integrity": "sha512-6D82/xSzO094ajanoOSbe4YvXWMfn2A//8Y1+MUqFAJul5Bs+yn36xbK9OtNDcRVSBJ9jjeoXftM6CfztsjOAA==",
      "dev": true,
      "dependencies": {
        "@types/json-schema": "^7.0.6",
        "ajv": "^6.12.5",
        "ajv-keywords": "^3.5.2"
      },
      "engines": {
        "node": ">= 10.13.0"
      },
      "funding": {
        "type": "opencollective",
        "url": "https://opencollective.com/webpack"
      }
    },
    "node_modules/serialize-javascript": {
      "version": "5.0.1",
      "resolved": "https://registry.npmjs.org/serialize-javascript/-/serialize-javascript-5.0.1.tgz",
      "integrity": "sha512-SaaNal9imEO737H2c05Og0/8LUXG7EnsZyMa8MzkmuHoELfT6txuj0cMqRj6zfPKnmQ1yasR4PCJc8x+M4JSPA==",
      "dev": true,
      "dependencies": {
        "randombytes": "^2.1.0"
      }
    },
    "node_modules/source-map": {
      "version": "0.6.1",
      "resolved": "https://registry.npmjs.org/source-map/-/source-map-0.6.1.tgz",
      "integrity": "sha512-UjgapumWlbMhkBgzT7Ykc5YXUT46F0iKu8SGXq0bcwP5dz/h0Plj6enJqjz1Zbq2l5WaqYnrVbwWOWMyF3F47g==",
      "dev": true,
      "engines": {
        "node": ">=0.10.0"
      }
    },
    "node_modules/source-map-support": {
      "version": "0.5.19",
      "resolved": "https://registry.npmjs.org/source-map-support/-/source-map-support-0.5.19.tgz",
      "integrity": "sha512-Wonm7zOCIJzBGQdB+thsPar0kYuCIzYvxZwlBa87yi/Mdjv7Tip2cyVbLj5o0cFPN4EVkuTwb3GDDyUx2DGnGw==",
      "dev": true,
      "dependencies": {
        "buffer-from": "^1.0.0",
        "source-map": "^0.6.0"
      }
    },
    "node_modules/style-loader": {
      "version": "2.0.0",
      "resolved": "https://registry.npmjs.org/style-loader/-/style-loader-2.0.0.tgz",
      "integrity": "sha512-Z0gYUJmzZ6ZdRUqpg1r8GsaFKypE+3xAzuFeMuoHgjc9KZv3wMyCRjQIWEbhoFSq7+7yoHXySDJyyWQaPajeiQ==",
      "dev": true,
      "license": "MIT",
      "dependencies": {
        "loader-utils": "^2.0.0",
        "schema-utils": "^3.0.0"
      },
      "engines": {
        "node": ">= 10.13.0"
      },
      "funding": {
        "type": "opencollective",
        "url": "https://opencollective.com/webpack"
      },
      "peerDependencies": {
        "webpack": "^4.0.0 || ^5.0.0"
      }
    },
    "node_modules/supports-color": {
      "version": "7.2.0",
      "resolved": "https://registry.npmjs.org/supports-color/-/supports-color-7.2.0.tgz",
      "integrity": "sha512-qpCAvRl9stuOHveKsn7HncJRvv501qIacKzQlO/+Lwxc9+0q2wLyv4Dfvt80/DPn2pqOBsJdDiogXGR9+OvwRw==",
      "dev": true,
      "dependencies": {
        "has-flag": "^4.0.0"
      },
      "engines": {
        "node": ">=8"
      }
    },
    "node_modules/terser": {
      "version": "5.5.1",
      "resolved": "https://registry.npmjs.org/terser/-/terser-5.5.1.tgz",
      "integrity": "sha512-6VGWZNVP2KTUcltUQJ25TtNjx/XgdDsBDKGt8nN0MpydU36LmbPPcMBd2kmtZNNGVVDLg44k7GKeHHj+4zPIBQ==",
      "dev": true,
      "dependencies": {
        "commander": "^2.20.0",
        "source-map": "~0.7.2",
        "source-map-support": "~0.5.19"
      },
      "bin": {
        "terser": "bin/terser"
      },
      "engines": {
        "node": ">=10"
      }
    },
    "node_modules/terser-webpack-plugin": {
      "version": "5.0.3",
      "resolved": "https://registry.npmjs.org/terser-webpack-plugin/-/terser-webpack-plugin-5.0.3.tgz",
      "integrity": "sha512-zFdGk8Lh9ZJGPxxPE6jwysOlATWB8GMW8HcfGULWA/nPal+3VdATflQvSBSLQJRCmYZnfFJl6vkRTiwJGNgPiQ==",
      "dev": true,
      "dependencies": {
        "jest-worker": "^26.6.1",
        "p-limit": "^3.0.2",
        "schema-utils": "^3.0.0",
        "serialize-javascript": "^5.0.1",
        "source-map": "^0.6.1",
        "terser": "^5.3.8"
      },
      "engines": {
        "node": ">= 10.13.0"
      },
      "funding": {
        "type": "opencollective",
        "url": "https://opencollective.com/webpack"
      },
      "peerDependencies": {
        "webpack": "^5.1.0"
      }
    },
    "node_modules/terser/node_modules/source-map": {
      "version": "0.7.3",
      "resolved": "https://registry.npmjs.org/source-map/-/source-map-0.7.3.tgz",
      "integrity": "sha512-CkCj6giN3S+n9qrYiBTX5gystlENnRW5jZeNLHpe6aue+SrHcG5VYwujhW9s4dY31mEGsxBDrHR6oI69fTXsaQ==",
      "dev": true,
      "engines": {
        "node": ">= 8"
      }
    },
    "node_modules/uri-js": {
      "version": "4.4.0",
      "resolved": "https://registry.npmjs.org/uri-js/-/uri-js-4.4.0.tgz",
      "integrity": "sha512-B0yRTzYdUCCn9n+F4+Gh4yIDtMQcaJsmYBDsTSG8g/OejKBodLQ2IHfN3bM7jUsRXndopT7OIXWdYqc1fjmV6g==",
      "dev": true,
      "dependencies": {
        "punycode": "^2.1.0"
      }
    },
    "node_modules/webpack": {
      "version": "5.10.1",
      "resolved": "https://registry.npmjs.org/webpack/-/webpack-5.10.1.tgz",
      "integrity": "sha512-mHu4iM2mW7d/8R91VPPNtUCNd1D8k51TTb4e0XjylapIR6WEmW8XUTBZq8TqmShj9XYxVXJn6AzKlWnrlty6DA==",
      "dev": true,
      "license": "MIT",
      "dependencies": {
        "@types/eslint-scope": "^3.7.0",
        "@types/estree": "^0.0.45",
        "@webassemblyjs/ast": "1.9.1",
        "@webassemblyjs/helper-module-context": "1.9.1",
        "@webassemblyjs/wasm-edit": "1.9.1",
        "@webassemblyjs/wasm-parser": "1.9.1",
        "acorn": "^8.0.4",
        "browserslist": "^4.14.5",
        "chrome-trace-event": "^1.0.2",
        "enhanced-resolve": "^5.3.1",
        "eslint-scope": "^5.1.1",
        "events": "^3.2.0",
        "glob-to-regexp": "^0.4.1",
        "graceful-fs": "^4.2.4",
        "json-parse-better-errors": "^1.0.2",
        "loader-runner": "^4.1.0",
        "mime-types": "^2.1.27",
        "neo-async": "^2.6.2",
        "pkg-dir": "^5.0.0",
        "schema-utils": "^3.0.0",
        "tapable": "^2.1.1",
        "terser-webpack-plugin": "^5.0.3",
        "watchpack": "^2.0.0",
        "webpack-sources": "^2.1.1"
      },
      "bin": {
        "webpack": "bin/webpack.js"
      },
      "engines": {
        "node": ">=10.13.0"
      },
      "funding": {
        "type": "opencollective",
        "url": "https://opencollective.com/webpack"
      },
      "peerDependenciesMeta": {
        "webpack-cli": {
          "optional": true
        }
      }
    },
    "node_modules/webpack-cli": {
      "version": "4.2.0",
      "resolved": "https://registry.npmjs.org/webpack-cli/-/webpack-cli-4.2.0.tgz",
      "integrity": "sha512-EIl3k88vaF4fSxWSgtAQR+VwicfLMTZ9amQtqS4o+TDPW9HGaEpbFBbAZ4A3ZOT5SOnMxNOzROsSTPiE8tBJPA==",
      "dev": true,
      "license": "MIT",
      "dependencies": {
        "@webpack-cli/info": "^1.1.0",
        "@webpack-cli/serve": "^1.1.0",
        "colorette": "^1.2.1",
        "command-line-usage": "^6.1.0",
        "commander": "^6.2.0",
        "enquirer": "^2.3.6",
        "execa": "^4.1.0",
        "import-local": "^3.0.2",
        "interpret": "^2.2.0",
        "leven": "^3.1.0",
        "rechoir": "^0.7.0",
        "v8-compile-cache": "^2.2.0",
        "webpack-merge": "^4.2.2"
      },
      "bin": {
        "webpack-cli": "bin/cli.js"
      },
      "engines": {
        "node": ">=10.13.0"
      },
      "peerDependencies": {
        "webpack": "4.x.x || 5.x.x"
      },
      "peerDependenciesMeta": {
        "@webpack-cli/generate-loader": {
          "optional": true
        },
        "@webpack-cli/generate-plugin": {
          "optional": true
        },
        "@webpack-cli/init": {
          "optional": true
        },
        "@webpack-cli/migrate": {
          "optional": true
        },
        "webpack-bundle-analyzer": {
          "optional": true
        },
        "webpack-dev-server": {
          "optional": true
        }
      }
    },
    "node_modules/webpack-dev-server": {
      "version": "3.11.0",
      "resolved": "https://registry.npmjs.org/webpack-dev-server/-/webpack-dev-server-3.11.0.tgz",
      "integrity": "sha512-PUxZ+oSTxogFQgkTtFndEtJIPNmml7ExwufBZ9L2/Xyyd5PnOL5UreWe5ZT7IU25DSdykL9p1MLQzmLh2ljSeg==",
      "dev": true,
      "license": "MIT",
      "dependencies": {
        "ansi-html": "0.0.7",
        "bonjour": "^3.5.0",
        "chokidar": "^2.1.8",
        "compression": "^1.7.4",
        "connect-history-api-fallback": "^1.6.0",
        "debug": "^4.1.1",
        "del": "^4.1.1",
        "express": "^4.17.1",
        "html-entities": "^1.3.1",
        "http-proxy-middleware": "0.19.1",
        "import-local": "^2.0.0",
        "internal-ip": "^4.3.0",
        "ip": "^1.1.5",
        "is-absolute-url": "^3.0.3",
        "killable": "^1.0.1",
        "loglevel": "^1.6.8",
        "opn": "^5.5.0",
        "p-retry": "^3.0.1",
        "portfinder": "^1.0.26",
        "schema-utils": "^1.0.0",
        "selfsigned": "^1.10.7",
        "semver": "^6.3.0",
        "serve-index": "^1.9.1",
        "sockjs": "0.3.20",
        "sockjs-client": "1.4.0",
        "spdy": "^4.0.2",
        "strip-ansi": "^3.0.1",
        "supports-color": "^6.1.0",
        "url": "^0.11.0",
        "webpack-dev-middleware": "^3.7.2",
        "webpack-log": "^2.0.0",
        "ws": "^6.2.1",
        "yargs": "^13.3.2"
      },
      "bin": {
        "webpack-dev-server": "bin/webpack-dev-server.js"
      },
      "engines": {
        "node": ">= 6.11.5"
      },
      "peerDependencies": {
        "webpack": "^4.0.0 || ^5.0.0"
      },
      "peerDependenciesMeta": {
        "webpack-cli": {
          "optional": true
        }
      }
    },
    "node_modules/yocto-queue": {
      "version": "0.1.0",
      "resolved": "https://registry.npmjs.org/yocto-queue/-/yocto-queue-0.1.0.tgz",
      "integrity": "sha512-rVksvsnNCdJ/ohGc6xgPwyN8eheCxsiLM8mxuE/t/mOVqJewPuO1miLpTHQiRgTKCLexL4MeAFVagts7HmNZ2Q==",
      "dev": true,
      "engines": {
        "node": ">=10"
      },
      "funding": {
        "url": "https://github.com/sponsors/sindresorhus"
      }
    }
  },
  "dependencies": {
    "@babel/core": {
      "version": "7.12.10",
      "resolved": "https://registry.npmjs.org/@babel/core/-/core-7.12.10.tgz",
      "integrity": "sha512-eTAlQKq65zHfkHZV0sIVODCPGVgoo1HdBlbSLi9CqOzuZanMv2ihzY+4paiKr1mH+XmYESMAmJ/dpZ68eN6d8w==",
      "dev": true,
      "requires": {
        "@babel/code-frame": "^7.10.4",
        "@babel/generator": "^7.12.10",
        "@babel/helper-module-transforms": "^7.12.1",
        "@babel/helpers": "^7.12.5",
        "@babel/parser": "^7.12.10",
        "@babel/template": "^7.12.7",
        "@babel/traverse": "^7.12.10",
        "@babel/types": "^7.12.10",
        "convert-source-map": "^1.7.0",
        "debug": "^4.1.0",
        "gensync": "^1.0.0-beta.1",
        "json5": "^2.1.2",
        "lodash": "^4.17.19",
        "semver": "^5.4.1",
        "source-map": "^0.5.0"
      }
    },
    "@babel/preset-env": {
      "version": "7.12.10",
      "resolved": "https://registry.npmjs.org/@babel/preset-env/-/preset-env-7.12.10.tgz",
      "integrity": "sha512-Gz9hnBT/tGeTE2DBNDkD7BiWRELZt+8lSysHuDwmYXUIvtwZl0zI+D6mZgXZX0u8YBlLS4tmai9ONNY9tjRgRA==",
      "dev": true,
      "requires": {
        "@babel/compat-data": "^7.12.7",
        "@babel/helper-compilation-targets": "^7.12.5",
        "@babel/helper-module-imports": "^7.12.5",
        "@babel/helper-plugin-utils": "^7.10.4",
        "@babel/helper-validator-option": "^7.12.1",
        "@babel/plugin-proposal-async-generator-functions": "^7.12.1",
        "@babel/plugin-proposal-class-properties": "^7.12.1",
        "@babel/plugin-proposal-dynamic-import": "^7.12.1",
        "@babel/plugin-proposal-export-namespace-from": "^7.12.1",
        "@babel/plugin-proposal-json-strings": "^7.12.1",
        "@babel/plugin-proposal-logical-assignment-operators": "^7.12.1",
        "@babel/plugin-proposal-nullish-coalescing-operator": "^7.12.1",
        "@babel/plugin-proposal-numeric-separator": "^7.12.7",
        "@babel/plugin-proposal-object-rest-spread": "^7.12.1",
        "@babel/plugin-proposal-optional-catch-binding": "^7.12.1",
        "@babel/plugin-proposal-optional-chaining": "^7.12.7",
        "@babel/plugin-proposal-private-methods": "^7.12.1",
        "@babel/plugin-proposal-unicode-property-regex": "^7.12.1",
        "@babel/plugin-syntax-async-generators": "^7.8.0",
        "@babel/plugin-syntax-class-properties": "^7.12.1",
        "@babel/plugin-syntax-dynamic-import": "^7.8.0",
        "@babel/plugin-syntax-export-namespace-from": "^7.8.3",
        "@babel/plugin-syntax-json-strings": "^7.8.0",
        "@babel/plugin-syntax-logical-assignment-operators": "^7.10.4",
        "@babel/plugin-syntax-nullish-coalescing-operator": "^7.8.0",
        "@babel/plugin-syntax-numeric-separator": "^7.10.4",
        "@babel/plugin-syntax-object-rest-spread": "^7.8.0",
        "@babel/plugin-syntax-optional-catch-binding": "^7.8.0",
        "@babel/plugin-syntax-optional-chaining": "^7.8.0",
        "@babel/plugin-syntax-top-level-await": "^7.12.1",
        "@babel/plugin-transform-arrow-functions": "^7.12.1",
        "@babel/plugin-transform-async-to-generator": "^7.12.1",
        "@babel/plugin-transform-block-scoped-functions": "^7.12.1",
        "@babel/plugin-transform-block-scoping": "^7.12.1",
        "@babel/plugin-transform-classes": "^7.12.1",
        "@babel/plugin-transform-computed-properties": "^7.12.1",
        "@babel/plugin-transform-destructuring": "^7.12.1",
        "@babel/plugin-transform-dotall-regex": "^7.12.1",
        "@babel/plugin-transform-duplicate-keys": "^7.12.1",
        "@babel/plugin-transform-exponentiation-operator": "^7.12.1",
        "@babel/plugin-transform-for-of": "^7.12.1",
        "@babel/plugin-transform-function-name": "^7.12.1",
        "@babel/plugin-transform-literals": "^7.12.1",
        "@babel/plugin-transform-member-expression-literals": "^7.12.1",
        "@babel/plugin-transform-modules-amd": "^7.12.1",
        "@babel/plugin-transform-modules-commonjs": "^7.12.1",
        "@babel/plugin-transform-modules-systemjs": "^7.12.1",
        "@babel/plugin-transform-modules-umd": "^7.12.1",
        "@babel/plugin-transform-named-capturing-groups-regex": "^7.12.1",
        "@babel/plugin-transform-new-target": "^7.12.1",
        "@babel/plugin-transform-object-super": "^7.12.1",
        "@babel/plugin-transform-parameters": "^7.12.1",
        "@babel/plugin-transform-property-literals": "^7.12.1",
        "@babel/plugin-transform-regenerator": "^7.12.1",
        "@babel/plugin-transform-reserved-words": "^7.12.1",
        "@babel/plugin-transform-shorthand-properties": "^7.12.1",
        "@babel/plugin-transform-spread": "^7.12.1",
        "@babel/plugin-transform-sticky-regex": "^7.12.7",
        "@babel/plugin-transform-template-literals": "^7.12.1",
        "@babel/plugin-transform-typeof-symbol": "^7.12.10",
        "@babel/plugin-transform-unicode-escapes": "^7.12.1",
        "@babel/plugin-transform-unicode-regex": "^7.12.1",
        "@babel/preset-modules": "^0.1.3",
        "@babel/types": "^7.12.10",
        "core-js-compat": "^3.8.0",
        "semver": "^5.5.0"
      }
    },
    "@riversun/event-emitter": {
      "version": "1.5.0",
      "resolved": "https://registry.npmjs.org/@riversun/event-emitter/-/event-emitter-1.5.0.tgz",
      "integrity": "sha512-+MLK1qrBHfthFfNIjboz0nWeCcbdC2zjAzDCM+eh+PZv6ZYDw7+/dszqgy4Ud+MbrvEDjmIxdPo3bG/lNE4MmA=="
    },
    "@types/json-schema": {
      "version": "7.0.6",
      "resolved": "https://registry.npmjs.org/@types/json-schema/-/json-schema-7.0.6.tgz",
      "integrity": "sha512-3c+yGKvVP5Y9TYBEibGNR+kLtijnj7mYrXRg+WpFb2X9xm04g/DXYkfg4hmzJQosc9snFNUPkbYIhu+KAm6jJw==",
      "dev": true
    },
    "@types/node": {
      "version": "14.14.13",
      "resolved": "https://registry.npmjs.org/@types/node/-/node-14.14.13.tgz",
      "integrity": "sha512-vbxr0VZ8exFMMAjCW8rJwaya0dMCDyYW2ZRdTyjtrCvJoENMpdUHOT/eTzvgyA5ZnqRZ/sI0NwqAxNHKYokLJQ==",
      "dev": true
    },
    "@webpack-cli/info": {
      "dev": true
    },
    "@webpack-cli/serve": {
      "dev": true
    },
    "ajv": {
      "version": "6.12.6",
      "resolved": "https://registry.npmjs.org/ajv/-/ajv-6.12.6.tgz",
      "integrity": "sha512-j3fVLgvTo527anyYyJOGTYJbG+vnnQYvE0m5mmkc1TK+nxAppkCLMIL0aZ4dblVCNoGShhm+kzE4ZUykBoMg4g==",
      "dev": true,
      "requires": {
        "fast-deep-equal": "^3.1.1",
        "fast-json-stable-stringify": "^2.0.0",
        "json-schema-traverse": "^0.4.1",
        "uri-js": "^4.2.2"
      }
    },
    "ajv-keywords": {
      "version": "3.5.2",
      "resolved": "https://registry.npmjs.org/ajv-keywords/-/ajv-keywords-3.5.2.tgz",
      "integrity": "sha512-5p6WTN0DdTGVQk6VjcEju19IgaHudalcfabD7yhDGeA6bcQnmL+CpveLJq/3hvfwd1aof6L386Ougkx6RfyMIQ==",
      "dev": true,
      "requires": {}
    },
    "babel-loader": {
      "version": "8.2.2",
      "resolved": "https://registry.npmjs.org/babel-loader/-/babel-loader-8.2.2.tgz",
      "integrity": "sha512-JvTd0/D889PQBtUXJ2PXaKU/pjZDMtHA9V2ecm+eNRmmBCMR09a+fmpGTNwnJtFmFl5Ei7Vy47LjBb+L0wQ99g==",
      "dev": true,
      "requires": {
        "find-cache-dir": "^3.3.1",
        "loader-utils": "^1.4.0",
        "make-dir": "^3.1.0",
        "schema-utils": "^2.6.5"
      }
    },
    "bindings": {
      "version": "https://registry.npmjs.org/bindings/-/bindings-1.5.0.tgz",
      "integrity": "sha512-p2q/t/mhvuOj/UeLlV6566GD/guowlr0hHxClI0W9m7MWYkL1F0hLo+0Aexs9HSPCtR1SXQ0TD3MMKrXZajbiQ==",
      "extraneous": true,
      "requires": {
        "file-uri-to-path": "1.0.0"
      }
    },
    "buffer-from": {
      "version": "1.1.1",
      "resolved": "https://registry.npmjs.org/buffer-from/-/buffer-from-1.1.1.tgz",
      "integrity": "sha512-MQcXEUbCKtEo7bhqEs6560Hyd4XaovZlO/k9V3hjVUF/zwW7KBVdSK4gIt/bzwS9MbR5qob+F5jusZsb0YQK2A==",
      "dev": true
    },
    "commander": {
      "version": "2.20.3",
      "resolved": "https://registry.npmjs.org/commander/-/commander-2.20.3.tgz",
      "integrity": "sha512-GpVkmM8vF2vQUkj2LvZmD35JxeJOLCwJ9cUkugyk2nuhbv3+mJvpLYYt+0+USMxE+oj+ey/lJEnhZw75x/OMcQ==",
      "dev": true
    },
    "cross-env": {
      "version": "7.0.3",
      "resolved": "https://registry.npmjs.org/cross-env/-/cross-env-7.0.3.tgz",
      "integrity": "sha512-+/HKd6EgcQCJGh2PSjZuUitQBQynKor4wrFbRg4DtAgS1aWO+gU52xpH7M9ScGgXSYmAVS9bIJ8EzuaGw0oNAw==",
      "dev": true,
      "requires": {
        "cross-spawn": "^7.0.1"
      }
    },
    "css-loader": {
      "version": "5.0.1",
      "resolved": "https://registry.npmjs.org/css-loader/-/css-loader-5.0.1.tgz",
      "integrity": "sha512-cXc2ti9V234cq7rJzFKhirb2L2iPy8ZjALeVJAozXYz9te3r4eqLSixNAbMDJSgJEQywqXzs8gonxaboeKqwiw==",
      "dev": true,
      "requires": {
        "camelcase": "^6.2.0",
        "cssesc": "^3.0.0",
        "icss-utils": "^5.0.0",
        "loader-utils": "^2.0.0",
        "postcss": "^8.1.4",
        "postcss-modules-extract-imports": "^3.0.0",
        "postcss-modules-local-by-default": "^4.0.0",
        "postcss-modules-scope": "^3.0.0",
        "postcss-modules-values": "^4.0.0",
        "postcss-value-parser": "^4.1.0",
        "schema-utils": "^3.0.0",
        "semver": "^7.3.2"
      }
    },
    "esbuild": {
      "version": "0.8.22",
      "resolved": "https://registry.npmjs.org/esbuild/-/esbuild-0.8.22.tgz",
      "integrity": "sha512-7cgcJwjff5pw6JLTpUyN3QZ6raOYamfvBt7ry0tyGZwZJ/W8mJrHuv+VC5rbNEO4Mz8s8ElmcavKc7R2g1HWow==",
      "dev": true
    },
    "event-listener-helper": {
      "version": "1.1.2",
      "resolved": "https://registry.npmjs.org/event-listener-helper/-/event-listener-helper-1.1.2.tgz",
      "integrity": "sha512-UHd160GSYNE7UOV292DKXRdwV7svDzfFwU9zdiyaB+3y/4rECA6tfV5QX7AHsafCPTGpnBe6bEZSyJPsdxyBYw=="
    },
    "fast-deep-equal": {
      "version": "3.1.3",
      "resolved": "https://registry.npmjs.org/fast-deep-equal/-/fast-deep-equal-3.1.3.tgz",
      "integrity": "sha512-f3qQ9oQy9j2AhBe/H9VC91wLmKBCCU/gDOnKNAYG5hswO7BLKj09Hc5HYNz9cGI++xlpDCIgDaitVs03ATR84Q==",
      "dev": true
    },
    "fast-json-stable-stringify": {
      "version": "2.1.0",
      "resolved": "https://registry.npmjs.org/fast-json-stable-stringify/-/fast-json-stable-stringify-2.1.0.tgz",
      "integrity": "sha512-lhd/wF+Lk98HZoTCtlVraHtfh5XYijIjalXck7saUtuanSDyLMxnHhSXEDJqHxD7msR8D0uCmqlkwjCV8xvwHw==",
      "dev": true
    },
    "has-flag": {
      "version": "4.0.0",
      "resolved": "https://registry.npmjs.org/has-flag/-/has-flag-4.0.0.tgz",
      "integrity": "sha512-EykJT/Q1KjTWctppgIAgfSO0tKVuZUjhgMr17kqTumMl6Afv3EISleU7qZUzoXDFTAHTDC4NOoG/ZxU3EvlMPQ==",
      "dev": true
    },
    "jest-worker": {
      "version": "26.6.2",
      "resolved": "https://registry.npmjs.org/jest-worker/-/jest-worker-26.6.2.tgz",
      "integrity": "sha512-KWYVV1c4i+jbMpaBC+U++4Va0cp8OisU185o73T1vo99hqi7w8tSJfUXYswwqqrjzwxa6KpRK54WhPvwf5w6PQ==",
      "dev": true,
      "requires": {
        "@types/node": "*",
        "merge-stream": "^2.0.0",
        "supports-color": "^7.0.0"
      }
    },
    "json-schema-traverse": {
      "version": "0.4.1",
      "resolved": "https://registry.npmjs.org/json-schema-traverse/-/json-schema-traverse-0.4.1.tgz",
      "integrity": "sha512-xbbCH5dCYU5T8LcEhhuh7HJ88HXuW3qsI3Y0zOZFKfZEHcpWiHU/Jxzk629Brsab/mMiHQti9wMP+845RPe3Vg==",
      "dev": true
    },
    "merge-deeply": {
      "version": "3.0.0",
      "resolved": "https://registry.npmjs.org/merge-deeply/-/merge-deeply-3.0.0.tgz",
      "integrity": "sha512-16bQw49VVX33ANiqfgfQyZEZi7oE8r6o/90IHFNoKGqjqFNi/WhKSuKAx8uSH0vULJNegJNhjibKVeA9xqq5tg=="
    },
    "merge-stream": {
      "version": "2.0.0",
      "resolved": "https://registry.npmjs.org/merge-stream/-/merge-stream-2.0.0.tgz",
      "integrity": "sha512-abv/qOcuPfk3URPfDzmZU1LKmuw8kT+0nIHvKrKgFrwifol/doWcdA4ZqsWQ8ENrFKkd67Mfpo/LovbIUsbt3w==",
      "dev": true
    },
    "nan": {
      "version": "https://registry.npmjs.org/nan/-/nan-2.14.2.tgz",
      "integrity": "sha512-M2ufzIiINKCuDfBSAUr1vWQ+vuVcA9kqx8JJUsbQi6yf1uGRyb7HfpdfUr5qLXf3B/t8dPvcjhKMmlfnP47EzQ==",
      "extraneous": true
    },
    "p-limit": {
      "version": "3.1.0",
      "resolved": "https://registry.npmjs.org/p-limit/-/p-limit-3.1.0.tgz",
      "integrity": "sha512-TYOanM3wGwNGsZN2cVTYPArw454xnXj5qmWF1bEoAc4+cU/ol7GVh7odevjp1FNHduHc3KZMcFduxU5Xc6uJRQ==",
      "dev": true,
      "requires": {
        "yocto-queue": "^0.1.0"
      }
    },
    "postcss": {
      "dev": true
    },
    "punycode": {
      "version": "2.1.1",
      "resolved": "https://registry.npmjs.org/punycode/-/punycode-2.1.1.tgz",
      "integrity": "sha512-XRsRjdf+j5ml+y/6GKHPZbrF/8p2Yga0JPtdqTIY2Xe5ohJPD9saDJJLPvp9+NSBprVvevdXZybnj2cv8OEd0A==",
      "dev": true
    },
    "randombytes": {
      "version": "2.1.0",
      "resolved": "https://registry.npmjs.org/randombytes/-/randombytes-2.1.0.tgz",
      "integrity": "sha512-vYl3iOX+4CKUWuxGi9Ukhie6fsqXqS9FE2Zaic4tNFD2N2QQaXOMFbuKK4QmDHC0JO6B1Zp41J0LpT0oR68amQ==",
      "dev": true,
      "requires": {
        "safe-buffer": "^5.1.0"
      }
    },
    "safe-buffer": {
      "version": "5.2.1",
      "resolved": "https://registry.npmjs.org/safe-buffer/-/safe-buffer-5.2.1.tgz",
      "integrity": "sha512-rp3So07KcdmmKbGvgaNxQSJr7bGVSVk5S9Eq1F+ppbRo70+YeaDxkw5Dd8NPN+GD6bjnYm2VuPuCXmpuYvmCXQ==",
      "dev": true
    },
    "schema-utils": {
      "version": "3.0.0",
      "resolved": "https://registry.npmjs.org/schema-utils/-/schema-utils-3.0.0.tgz",
      "integrity": "sha512-6D82/xSzO094ajanoOSbe4YvXWMfn2A//8Y1+MUqFAJul5Bs+yn36xbK9OtNDcRVSBJ9jjeoXftM6CfztsjOAA==",
      "dev": true,
      "requires": {
        "@types/json-schema": "^7.0.6",
        "ajv": "^6.12.5",
        "ajv-keywords": "^3.5.2"
      }
    },
    "serialize-javascript": {
      "version": "5.0.1",
      "resolved": "https://registry.npmjs.org/serialize-javascript/-/serialize-javascript-5.0.1.tgz",
      "integrity": "sha512-SaaNal9imEO737H2c05Og0/8LUXG7EnsZyMa8MzkmuHoELfT6txuj0cMqRj6zfPKnmQ1yasR4PCJc8x+M4JSPA==",
      "dev": true,
      "requires": {
        "randombytes": "^2.1.0"
      }
    },
    "source-map": {
      "version": "0.6.1",
      "resolved": "https://registry.npmjs.org/source-map/-/source-map-0.6.1.tgz",
      "integrity": "sha512-UjgapumWlbMhkBgzT7Ykc5YXUT46F0iKu8SGXq0bcwP5dz/h0Plj6enJqjz1Zbq2l5WaqYnrVbwWOWMyF3F47g==",
      "dev": true
    },
    "source-map-support": {
      "version": "0.5.19",
      "resolved": "https://registry.npmjs.org/source-map-support/-/source-map-support-0.5.19.tgz",
      "integrity": "sha512-Wonm7zOCIJzBGQdB+thsPar0kYuCIzYvxZwlBa87yi/Mdjv7Tip2cyVbLj5o0cFPN4EVkuTwb3GDDyUx2DGnGw==",
      "dev": true,
      "requires": {
        "buffer-from": "^1.0.0",
        "source-map": "^0.6.0"
      }
    },
    "style-loader": {
      "version": "2.0.0",
      "resolved": "https://registry.npmjs.org/style-loader/-/style-loader-2.0.0.tgz",
      "integrity": "sha512-Z0gYUJmzZ6ZdRUqpg1r8GsaFKypE+3xAzuFeMuoHgjc9KZv3wMyCRjQIWEbhoFSq7+7yoHXySDJyyWQaPajeiQ==",
      "dev": true,
      "requires": {
        "loader-utils": "^2.0.0",
        "schema-utils": "^3.0.0"
      }
    },
    "supports-color": {
      "version": "7.2.0",
      "resolved": "https://registry.npmjs.org/supports-color/-/supports-color-7.2.0.tgz",
      "integrity": "sha512-qpCAvRl9stuOHveKsn7HncJRvv501qIacKzQlO/+Lwxc9+0q2wLyv4Dfvt80/DPn2pqOBsJdDiogXGR9+OvwRw==",
      "dev": true,
      "requires": {
        "has-flag": "^4.0.0"
      }
    },
    "terser": {
      "version": "5.5.1",
      "resolved": "https://registry.npmjs.org/terser/-/terser-5.5.1.tgz",
      "integrity": "sha512-6VGWZNVP2KTUcltUQJ25TtNjx/XgdDsBDKGt8nN0MpydU36LmbPPcMBd2kmtZNNGVVDLg44k7GKeHHj+4zPIBQ==",
      "dev": true,
      "requires": {
        "commander": "^2.20.0",
        "source-map": "~0.7.2",
        "source-map-support": "~0.5.19"
      },
      "dependencies": {
        "source-map": {
          "version": "0.7.3",
          "resolved": "https://registry.npmjs.org/source-map/-/source-map-0.7.3.tgz",
          "integrity": "sha512-CkCj6giN3S+n9qrYiBTX5gystlENnRW5jZeNLHpe6aue+SrHcG5VYwujhW9s4dY31mEGsxBDrHR6oI69fTXsaQ==",
          "dev": true
        }
      }
    },
    "terser-webpack-plugin": {
      "version": "5.0.3",
      "resolved": "https://registry.npmjs.org/terser-webpack-plugin/-/terser-webpack-plugin-5.0.3.tgz",
      "integrity": "sha512-zFdGk8Lh9ZJGPxxPE6jwysOlATWB8GMW8HcfGULWA/nPal+3VdATflQvSBSLQJRCmYZnfFJl6vkRTiwJGNgPiQ==",
      "dev": true,
      "requires": {
        "jest-worker": "^26.6.1",
        "p-limit": "^3.0.2",
        "schema-utils": "^3.0.0",
        "serialize-javascript": "^5.0.1",
        "source-map": "^0.6.1",
        "terser": "^5.3.8"
      }
    },
    "uri-js": {
      "version": "4.4.0",
      "resolved": "https://registry.npmjs.org/uri-js/-/uri-js-4.4.0.tgz",
      "integrity": "sha512-B0yRTzYdUCCn9n+F4+Gh4yIDtMQcaJsmYBDsTSG8g/OejKBodLQ2IHfN3bM7jUsRXndopT7OIXWdYqc1fjmV6g==",
      "dev": true,
      "requires": {
        "punycode": "^2.1.0"
      }
    },
    "webpack": {
      "version": "5.10.1",
      "resolved": "https://registry.npmjs.org/webpack/-/webpack-5.10.1.tgz",
      "integrity": "sha512-mHu4iM2mW7d/8R91VPPNtUCNd1D8k51TTb4e0XjylapIR6WEmW8XUTBZq8TqmShj9XYxVXJn6AzKlWnrlty6DA==",
      "dev": true,
      "requires": {
        "@types/eslint-scope": "^3.7.0",
        "@types/estree": "^0.0.45",
        "@webassemblyjs/ast": "1.9.1",
        "@webassemblyjs/helper-module-context": "1.9.1",
        "@webassemblyjs/wasm-edit": "1.9.1",
        "@webassemblyjs/wasm-parser": "1.9.1",
        "acorn": "^8.0.4",
        "browserslist": "^4.14.5",
        "chrome-trace-event": "^1.0.2",
        "enhanced-resolve": "^5.3.1",
        "eslint-scope": "^5.1.1",
        "events": "^3.2.0",
        "glob-to-regexp": "^0.4.1",
        "graceful-fs": "^4.2.4",
        "json-parse-better-errors": "^1.0.2",
        "loader-runner": "^4.1.0",
        "mime-types": "^2.1.27",
        "neo-async": "^2.6.2",
        "pkg-dir": "^5.0.0",
        "schema-utils": "^3.0.0",
        "tapable": "^2.1.1",
        "terser-webpack-plugin": "^5.0.3",
        "watchpack": "^2.0.0",
        "webpack-sources": "^2.1.1"
      }
    },
    "webpack-cli": {
      "version": "4.2.0",
      "resolved": "https://registry.npmjs.org/webpack-cli/-/webpack-cli-4.2.0.tgz",
      "integrity": "sha512-EIl3k88vaF4fSxWSgtAQR+VwicfLMTZ9amQtqS4o+TDPW9HGaEpbFBbAZ4A3ZOT5SOnMxNOzROsSTPiE8tBJPA==",
      "dev": true,
      "requires": {
        "@webpack-cli/info": "^1.1.0",
        "@webpack-cli/serve": "^1.1.0",
        "colorette": "^1.2.1",
        "command-line-usage": "^6.1.0",
        "commander": "^6.2.0",
        "enquirer": "^2.3.6",
        "execa": "^4.1.0",
        "import-local": "^3.0.2",
        "interpret": "^2.2.0",
        "leven": "^3.1.0",
        "rechoir": "^0.7.0",
        "v8-compile-cache": "^2.2.0",
        "webpack-merge": "^4.2.2"
      }
    },
    "webpack-dev-server": {
      "version": "3.11.0",
      "resolved": "https://registry.npmjs.org/webpack-dev-server/-/webpack-dev-server-3.11.0.tgz",
      "integrity": "sha512-PUxZ+oSTxogFQgkTtFndEtJIPNmml7ExwufBZ9L2/Xyyd5PnOL5UreWe5ZT7IU25DSdykL9p1MLQzmLh2ljSeg==",
      "dev": true,
      "requires": {
        "ansi-html": "0.0.7",
        "bonjour": "^3.5.0",
        "chokidar": "^2.1.8",
        "compression": "^1.7.4",
        "connect-history-api-fallback": "^1.6.0",
        "debug": "^4.1.1",
        "del": "^4.1.1",
        "express": "^4.17.1",
        "html-entities": "^1.3.1",
        "http-proxy-middleware": "0.19.1",
        "import-local": "^2.0.0",
        "internal-ip": "^4.3.0",
        "ip": "^1.1.5",
        "is-absolute-url": "^3.0.3",
        "killable": "^1.0.1",
        "loglevel": "^1.6.8",
        "opn": "^5.5.0",
        "p-retry": "^3.0.1",
        "portfinder": "^1.0.26",
        "schema-utils": "^1.0.0",
        "selfsigned": "^1.10.7",
        "semver": "^6.3.0",
        "serve-index": "^1.9.1",
        "sockjs": "0.3.20",
        "sockjs-client": "1.4.0",
        "spdy": "^4.0.2",
        "strip-ansi": "^3.0.1",
        "supports-color": "^6.1.0",
        "url": "^0.11.0",
        "webpack-dev-middleware": "^3.7.2",
        "webpack-log": "^2.0.0",
        "ws": "^6.2.1",
        "yargs": "^13.3.2"
      }
    },
    "yocto-queue": {
      "version": "0.1.0",
      "resolved": "https://registry.npmjs.org/yocto-queue/-/yocto-queue-0.1.0.tgz",
      "integrity": "sha512-rVksvsnNCdJ/ohGc6xgPwyN8eheCxsiLM8mxuE/t/mOVqJewPuO1miLpTHQiRgTKCLexL4MeAFVagts7HmNZ2Q==",
      "dev": true
    }
  }
}
