{
  "name": "@devcontainer/focal-xfce-vnc",
  "version": "11.1.3",
  "lockfileVersion": 2,
  "requires": true,
  "packages": {
    "": {
      "name": "@devcontainer/focal-xfce-vnc",
      "version": "11.1.3",
      "license": "BSD-3-Clause",
      "devDependencies": {
        "@devcontainer/generator": "^11.1.3"
      }
    },
    "node_modules/@devcontainer/generator": {
      "version": "11.1.3",
      "resolved": "https://registry.npmjs.org/@devcontainer/generator/-/generator-11.1.3.tgz",
      "integrity": "sha512-y6gWm2sZHRmweLZ6CIyDxGY5hg24NE4g2aFYM2QWlEW0mnwed5rV1F5/UMu/SDzjS74hqvjiMV3mQjNXOVU5QA==",
      "dev": true
    }
  },
  "dependencies": {
    "@devcontainer/generator": {
      "version": "11.1.3",
      "resolved": "https://registry.npmjs.org/@devcontainer/generator/-/generator-11.1.3.tgz",
      "integrity": "sha512-y6gWm2sZHRmweLZ6CIyDxGY5hg24NE4g2aFYM2QWlEW0mnwed5rV1F5/UMu/SDzjS74hqvjiMV3mQjNXOVU5QA==",
      "dev": true
    }
  }
}
