{
  "name": "@devcontainer/focal-xfce-vnc",
  "version": "11.1.10",
  "lockfileVersion": 2,
  "requires": true,
  "packages": {
    "": {
      "name": "@devcontainer/focal-xfce-vnc",
      "version": "11.1.10",
      "license": "BSD-3-Clause",
      "devDependencies": {
        "@devcontainer/generator": "^11.1.10"
      }
    },
    "node_modules/@devcontainer/generator": {
      "version": "11.1.10",
      "resolved": "https://registry.npmjs.org/@devcontainer/generator/-/generator-11.1.10.tgz",
      "integrity": "sha512-PPMtoVj7jCvDH00WYWtvIzpEgbB6dxTRSap/k2yd24Fzc/Q1j4is+lpDETQQ3yZxo5ZjDL8ErEMWBlZnthnd+w==",
      "dev": true
    }
  },
  "dependencies": {
    "@devcontainer/generator": {
      "version": "11.1.10",
      "resolved": "https://registry.npmjs.org/@devcontainer/generator/-/generator-11.1.10.tgz",
      "integrity": "sha512-PPMtoVj7jCvDH00WYWtvIzpEgbB6dxTRSap/k2yd24Fzc/Q1j4is+lpDETQQ3yZxo5ZjDL8ErEMWBlZnthnd+w==",
      "dev": true
    }
  }
}
