{
  "name": "@devcontainer/focal-xfce-vnc",
  "version": "10.14.4",
  "lockfileVersion": 2,
  "requires": true,
  "packages": {
    "": {
      "name": "@devcontainer/focal-xfce-vnc",
      "version": "10.14.1",
      "license": "BSD-3-Clause",
      "devDependencies": {
        "@devcontainer/generator": "^10.14.1"
      }
    },
    "node_modules/@devcontainer/generator": {
      "version": "10.14.1",
      "resolved": "https://registry.npmjs.org/@devcontainer/generator/-/generator-10.14.1.tgz",
      "integrity": "sha512-azPLg/BhVt2Hb0UR7IEhCwSR0hH3WgJHUhkbTjldEz2AmXjDqAuOpVGyyPpH+F4tbiDD02nzBpLtXNJ0s4adTg==",
      "dev": true
    }
  },
  "dependencies": {
    "@devcontainer/generator": {
      "version": "10.14.1",
      "resolved": "https://registry.npmjs.org/@devcontainer/generator/-/generator-10.14.1.tgz",
      "integrity": "sha512-azPLg/BhVt2Hb0UR7IEhCwSR0hH3WgJHUhkbTjldEz2AmXjDqAuOpVGyyPpH+F4tbiDD02nzBpLtXNJ0s4adTg==",
      "dev": true
    }
  }
}
