# This file is generated by running "yarn install" inside your project.
# Manual changes might be lost - proceed with caution!

__metadata:
  version: 7
  cacheKey: 9

"@esbuild/linux-loong64@npm:0.15.1":
  version: 0.15.1
  resolution: "@esbuild/linux-loong64@npm:0.15.1"
  conditions: os=linux & cpu=loong64
  languageName: node
  linkType: hard

"esbuild-android-64@npm:0.15.1":
  version: 0.15.1
  resolution: "esbuild-android-64@npm:0.15.1"
  conditions: os=android & cpu=x64
  languageName: node
  linkType: hard

"esbuild-android-arm64@npm:0.15.1":
  version: 0.15.1
  resolution: "esbuild-android-arm64@npm:0.15.1"
  conditions: os=android & cpu=arm64
  languageName: node
  linkType: hard

"esbuild-darwin-64@npm:0.15.1":
  version: 0.15.1
  resolution: "esbuild-darwin-64@npm:0.15.1"
  conditions: os=darwin & cpu=x64
  languageName: node
  linkType: hard

"esbuild-darwin-arm64@npm:0.15.1":
  version: 0.15.1
  resolution: "esbuild-darwin-arm64@npm:0.15.1"
  conditions: os=darwin & cpu=arm64
  languageName: node
  linkType: hard

"esbuild-freebsd-64@npm:0.15.1":
  version: 0.15.1
  resolution: "esbuild-freebsd-64@npm:0.15.1"
  conditions: os=freebsd & cpu=x64
  languageName: node
  linkType: hard

"esbuild-freebsd-arm64@npm:0.15.1":
  version: 0.15.1
  resolution: "esbuild-freebsd-arm64@npm:0.15.1"
  conditions: os=freebsd & cpu=arm64
  languageName: node
  linkType: hard

"esbuild-linux-32@npm:0.15.1":
  version: 0.15.1
  resolution: "esbuild-linux-32@npm:0.15.1"
  conditions: os=linux & cpu=ia32
  languageName: node
  linkType: hard

"esbuild-linux-64@npm:0.15.1":
  version: 0.15.1
  resolution: "esbuild-linux-64@npm:0.15.1"
  conditions: os=linux & cpu=x64
  languageName: node
  linkType: hard

"esbuild-linux-arm64@npm:0.15.1":
  version: 0.15.1
  resolution: "esbuild-linux-arm64@npm:0.15.1"
  conditions: os=linux & cpu=arm64
  languageName: node
  linkType: hard

"esbuild-linux-arm@npm:0.15.1":
  version: 0.15.1
  resolution: "esbuild-linux-arm@npm:0.15.1"
  conditions: os=linux & cpu=arm
  languageName: node
  linkType: hard

"esbuild-linux-mips64le@npm:0.15.1":
  version: 0.15.1
  resolution: "esbuild-linux-mips64le@npm:0.15.1"
  conditions: os=linux & cpu=mips64el
  languageName: node
  linkType: hard

"esbuild-linux-ppc64le@npm:0.15.1":
  version: 0.15.1
  resolution: "esbuild-linux-ppc64le@npm:0.15.1"
  conditions: os=linux & cpu=ppc64
  languageName: node
  linkType: hard

"esbuild-linux-riscv64@npm:0.15.1":
  version: 0.15.1
  resolution: "esbuild-linux-riscv64@npm:0.15.1"
  conditions: os=linux & cpu=riscv64
  languageName: node
  linkType: hard

"esbuild-linux-s390x@npm:0.15.1":
  version: 0.15.1
  resolution: "esbuild-linux-s390x@npm:0.15.1"
  conditions: os=linux & cpu=s390x
  languageName: node
  linkType: hard

"esbuild-netbsd-64@npm:0.15.1":
  version: 0.15.1
  resolution: "esbuild-netbsd-64@npm:0.15.1"
  conditions: os=netbsd & cpu=x64
  languageName: node
  linkType: hard

"esbuild-openbsd-64@npm:0.15.1":
  version: 0.15.1
  resolution: "esbuild-openbsd-64@npm:0.15.1"
  conditions: os=openbsd & cpu=x64
  languageName: node
  linkType: hard

"esbuild-sunos-64@npm:0.15.1":
  version: 0.15.1
  resolution: "esbuild-sunos-64@npm:0.15.1"
  conditions: os=sunos & cpu=x64
  languageName: node
  linkType: hard

"esbuild-windows-32@npm:0.15.1":
  version: 0.15.1
  resolution: "esbuild-windows-32@npm:0.15.1"
  conditions: os=win32 & cpu=ia32
  languageName: node
  linkType: hard

"esbuild-windows-64@npm:0.15.1":
  version: 0.15.1
  resolution: "esbuild-windows-64@npm:0.15.1"
  conditions: os=win32 & cpu=x64
  languageName: node
  linkType: hard

"esbuild-windows-arm64@npm:0.15.1":
  version: 0.15.1
  resolution: "esbuild-windows-arm64@npm:0.15.1"
  conditions: os=win32 & cpu=arm64
  languageName: node
  linkType: hard

"esbuild@npm:^0.15.1":
  version: 0.15.1
  resolution: "esbuild@npm:0.15.1"
  dependencies:
    "@esbuild/linux-loong64": "npm:0.15.1"
    esbuild-android-64: "npm:0.15.1"
    esbuild-android-arm64: "npm:0.15.1"
    esbuild-darwin-64: "npm:0.15.1"
    esbuild-darwin-arm64: "npm:0.15.1"
    esbuild-freebsd-64: "npm:0.15.1"
    esbuild-freebsd-arm64: "npm:0.15.1"
    esbuild-linux-32: "npm:0.15.1"
    esbuild-linux-64: "npm:0.15.1"
    esbuild-linux-arm: "npm:0.15.1"
    esbuild-linux-arm64: "npm:0.15.1"
    esbuild-linux-mips64le: "npm:0.15.1"
    esbuild-linux-ppc64le: "npm:0.15.1"
    esbuild-linux-riscv64: "npm:0.15.1"
    esbuild-linux-s390x: "npm:0.15.1"
    esbuild-netbsd-64: "npm:0.15.1"
    esbuild-openbsd-64: "npm:0.15.1"
    esbuild-sunos-64: "npm:0.15.1"
    esbuild-windows-32: "npm:0.15.1"
    esbuild-windows-64: "npm:0.15.1"
    esbuild-windows-arm64: "npm:0.15.1"
  dependenciesMeta:
    "@esbuild/linux-loong64":
      optional: true
    esbuild-android-64:
      optional: true
    esbuild-android-arm64:
      optional: true
    esbuild-darwin-64:
      optional: true
    esbuild-darwin-arm64:
      optional: true
    esbuild-freebsd-64:
      optional: true
    esbuild-freebsd-arm64:
      optional: true
    esbuild-linux-32:
      optional: true
    esbuild-linux-64:
      optional: true
    esbuild-linux-arm:
      optional: true
    esbuild-linux-arm64:
      optional: true
    esbuild-linux-mips64le:
      optional: true
    esbuild-linux-ppc64le:
      optional: true
    esbuild-linux-riscv64:
      optional: true
    esbuild-linux-s390x:
      optional: true
    esbuild-netbsd-64:
      optional: true
    esbuild-openbsd-64:
      optional: true
    esbuild-sunos-64:
      optional: true
    esbuild-windows-32:
      optional: true
    esbuild-windows-64:
      optional: true
    esbuild-windows-arm64:
      optional: true
  bin:
    esbuild: bin/esbuild
  checksum: 79bfebfcd6f58d00f8215d0073c2123fe048457a48927e47fbf92160b0624708049b56a94a446cb8ab16eecc3d3b603657def0635de018d30722216298b89154
  languageName: node
  linkType: hard

"mime@npm:^3.0.0":
  version: 3.0.0
  resolution: "mime@npm:3.0.0"
  bin:
    mime: cli.js
  checksum: b00613ec79e1f14586c970b6651afca77947f972eca6086ccb614c2b7a1a899d0ec38c6f4418370ecb9d0cebeb4ad300999b6b7f2dcbeaf40f9e0d55874b6c81
  languageName: node
  linkType: hard

"test@workspace:.":
  version: 0.0.0-use.local
  resolution: "test@workspace:."
  dependencies:
    esbuild: "npm:^0.15.1"
    mime: "npm:^3.0.0"
  languageName: unknown
  linkType: soft
