# THIS IS AN AUTOGENERATED FILE. DO NOT EDIT THIS FILE DIRECTLY.
# yarn lockfile v1


"@babel/runtime@^7.7.2":
  version "7.12.5"
  resolved "https://registry.yarnpkg.com/@babel/runtime/-/runtime-7.12.5.tgz#410e7e487441e1b360c29be715d870d9b985882e"
  integrity sha512-plcc+hbExy3McchJCEQG3knOsuh3HH+Prx1P6cLIkET/0dLuQDEnrT+s27Axgc9bqfsmNUNHfscgMUdBpC9xfg==
  dependencies:
    regenerator-runtime "^0.13.4"

"@emotion/cache@^11.1.3":
  version "11.1.3"
  resolved "https://registry.yarnpkg.com/@emotion/cache/-/cache-11.1.3.tgz#c7683a9484bcd38d5562f2b9947873cf66829afd"
  integrity sha512-n4OWinUPJVaP6fXxWZD9OUeQ0lY7DvtmtSuqtRWT0Ofo/sBLCVSgb4/Oa0Q5eFxcwablRKjUXqXtNZVyEwCAuA==
  dependencies:
    "@emotion/memoize" "^0.7.4"
    "@emotion/sheet" "^1.0.0"
    "@emotion/utils" "^1.0.0"
    "@emotion/weak-memoize" "^0.2.5"
    stylis "^4.0.3"

"@emotion/hash@^0.8.0":
  version "0.8.0"
  resolved "https://registry.yarnpkg.com/@emotion/hash/-/hash-0.8.0.tgz#bbbff68978fefdbe68ccb533bc8cbe1d1afb5413"
  integrity sha512-kBJtf7PH6aWwZ6fka3zQ0p6SBYzx4fl1LoZXE2RrnYST9Xljm7WfKJrU4g/Xr3Beg72MLrp1AWNUmuYJTL7Cow==

"@emotion/is-prop-valid@^0.8.2":
  version "0.8.8"
  resolved "https://registry.yarnpkg.com/@emotion/is-prop-valid/-/is-prop-valid-0.8.8.tgz#db28b1c4368a259b60a97311d6a952d4fd01ac1a"
  integrity sha512-u5WtneEAr5IDG2Wv65yhunPSMLIpuKsbuOktRojfrEiEvRyC85LgPMZI63cr7NUqT8ZIGdSVg8ZKGxIug4lXcA==
  dependencies:
    "@emotion/memoize" "0.7.4"

"@emotion/memoize@0.7.4":
  version "0.7.4"
  resolved "https://registry.yarnpkg.com/@emotion/memoize/-/memoize-0.7.4.tgz#19bf0f5af19149111c40d98bb0cf82119f5d9eeb"
  integrity sha512-Ja/Vfqe3HpuzRsG1oBtWTHk2PGZ7GR+2Vz5iYGelAw8dx32K0y7PjVuxK6z1nMpZOqAFsRUPCkK1YjJ56qJlgw==

"@emotion/memoize@^0.7.4":
  version "0.7.5"
  resolved "https://registry.yarnpkg.com/@emotion/memoize/-/memoize-0.7.5.tgz#2c40f81449a4e554e9fc6396910ed4843ec2be50"
  integrity sha512-igX9a37DR2ZPGYtV6suZ6whr8pTFtyHL3K/oLUotxpSVO2ASaprmAe2Dkq7tBo7CRY7MMDrAa9nuQP9/YG8FxQ==

"@emotion/react@11.1.4":
  version "11.1.4"
  resolved "https://registry.yarnpkg.com/@emotion/react/-/react-11.1.4.tgz#ddee4247627ff7dd7d0c6ae52f1cfd6b420357d2"
  integrity sha512-9gkhrW8UjV4IGRnEe4/aGPkUxoGS23aD9Vu6JCGfEDyBYL+nGkkRBoMFGAzCT9qFdyUvQp4UUtErbKWxq/JS4A==
  dependencies:
    "@babel/runtime" "^7.7.2"
    "@emotion/cache" "^11.1.3"
    "@emotion/serialize" "^1.0.0"
    "@emotion/sheet" "^1.0.1"
    "@emotion/utils" "^1.0.0"
    "@emotion/weak-memoize" "^0.2.5"
    hoist-non-react-statics "^3.3.1"

"@emotion/serialize@^1.0.0":
  version "1.0.0"
  resolved "https://registry.yarnpkg.com/@emotion/serialize/-/serialize-1.0.0.tgz#1a61f4f037cf39995c97fc80ebe99abc7b191ca9"
  integrity sha512-zt1gm4rhdo5Sry8QpCOpopIUIKU+mUSpV9WNmFILUraatm5dttNEaYzUWWSboSMUE6PtN2j1cAsuvcugfdI3mw==
  dependencies:
    "@emotion/hash" "^0.8.0"
    "@emotion/memoize" "^0.7.4"
    "@emotion/unitless" "^0.7.5"
    "@emotion/utils" "^1.0.0"
    csstype "^3.0.2"

"@emotion/sheet@^1.0.0", "@emotion/sheet@^1.0.1":
  version "1.0.1"
  resolved "https://registry.yarnpkg.com/@emotion/sheet/-/sheet-1.0.1.tgz#245f54abb02dfd82326e28689f34c27aa9b2a698"
  integrity sha512-GbIvVMe4U+Zc+929N1V7nW6YYJtidj31lidSmdYcWozwoBIObXBnaJkKNDjZrLm9Nc0BR+ZyHNaRZxqNZbof5g==

"@emotion/unitless@^0.7.5":
  version "0.7.5"
  resolved "https://registry.yarnpkg.com/@emotion/unitless/-/unitless-0.7.5.tgz#77211291c1900a700b8a78cfafda3160d76949ed"
  integrity sha512-OWORNpfjMsSSUBVrRBVGECkhWcULOAJz9ZW8uK9qgxD+87M7jHRcvh/A96XXNhXTLmKcoYSQtBEX7lHMO7YRwg==

"@emotion/utils@^1.0.0":
  version "1.0.0"
  resolved "https://registry.yarnpkg.com/@emotion/utils/-/utils-1.0.0.tgz#abe06a83160b10570816c913990245813a2fd6af"
  integrity sha512-mQC2b3XLDs6QCW+pDQDiyO/EdGZYOygE8s5N5rrzjSI4M3IejPE/JPndCBwRT9z982aqQNi6beWs1UeayrQxxA==

"@emotion/weak-memoize@^0.2.5":
  version "0.2.5"
  resolved "https://registry.yarnpkg.com/@emotion/weak-memoize/-/weak-memoize-0.2.5.tgz#8eed982e2ee6f7f4e44c253e12962980791efd46"
  integrity sha512-6U71C2Wp7r5XtFtQzYrW5iKFT67OixrSxjI4MptCHzdSVlgabczzqLe0ZSgnub/5Kp4hSbpDB1tMytZY9pwxxA==

"@types/prop-types@*":
  version "15.7.3"
  resolved "https://registry.yarnpkg.com/@types/prop-types/-/prop-types-15.7.3.tgz#2ab0d5da2e5815f94b0b9d4b95d1e5f243ab2ca7"
  integrity sha512-KfRL3PuHmqQLOG+2tGpRO26Ctg+Cq1E01D2DMriKEATHgWLfeNDmq9e29Q9WIky0dQ3NPkd1mzYH8Lm936Z9qw==

"@types/react-dom@17.0.0":
  version "17.0.0"
  resolved "https://registry.yarnpkg.com/@types/react-dom/-/react-dom-17.0.0.tgz#b3b691eb956c4b3401777ee67b900cb28415d95a"
  integrity sha512-lUqY7OlkF/RbNtD5nIq7ot8NquXrdFrjSOR6+w9a9RFQevGi1oZO1dcJbXMeONAPKtZ2UrZOEJ5UOCVsxbLk/g==
  dependencies:
    "@types/react" "*"

"@types/react@*", "@types/react@17.0.0":
  version "17.0.0"
  resolved "https://registry.yarnpkg.com/@types/react/-/react-17.0.0.tgz#5af3eb7fad2807092f0046a1302b7823e27919b8"
  integrity sha512-aj/L7RIMsRlWML3YB6KZiXB3fV2t41+5RBGYF8z+tAKU43Px8C3cYUZsDvf1/+Bm4FK21QWBrDutu8ZJ/70qOw==
  dependencies:
    "@types/prop-types" "*"
    csstype "^3.0.2"

csstype@^3.0.2:
  version "3.0.6"
  resolved "https://registry.yarnpkg.com/csstype/-/csstype-3.0.6.tgz#865d0b5833d7d8d40f4e5b8a6d76aea3de4725ef"
  integrity sha512-+ZAmfyWMT7TiIlzdqJgjMb7S4f1beorDbWbsocyK4RaiqA5RTX3K14bnBWmmA9QEM0gRdsjyyrEmcyga8Zsxmw==

framer-motion@3.2.2-rc.1:
  version "3.2.2-rc.1"
  resolved "https://registry.yarnpkg.com/framer-motion/-/framer-motion-3.2.2-rc.1.tgz#8fb334484505f01b6b9fc2ce6a770bd71507e53d"
  integrity sha512-Q/b0f3mPmhZ3CZILCMaWKxZh+js3J0is4eF1IMyHrDcYvBENTlepfb0oE6VNLcw3pwxxtmvIP//N+4bWUzHI1w==
  dependencies:
    framesync "^5.0.0"
    hey-listen "^1.0.8"
    popmotion "^9.1.0"
    style-value-types "^4.0.1"
    tslib "^1.10.0"
  optionalDependencies:
    "@emotion/is-prop-valid" "^0.8.2"

framesync@5.0.0, framesync@^5.0.0:
  version "5.0.0"
  resolved "https://registry.yarnpkg.com/framesync/-/framesync-5.0.0.tgz#7de8caedf53ac441118e79680f1beb7391c328b6"
  integrity sha512-wd8t+JsQGisluSv1twiEeDv0aNGpavGb9q7xgIk9fGbcIWkNXF/KVtrjnOrCwBWJuiXxlJfNkcvGudsI32FxYA==

hey-listen@^1.0.8:
  version "1.0.8"
  resolved "https://registry.yarnpkg.com/hey-listen/-/hey-listen-1.0.8.tgz#8e59561ff724908de1aa924ed6ecc84a56a9aa68"
  integrity sha512-COpmrF2NOg4TBWUJ5UVyaCU2A88wEMkUPK4hNqyCkqHbxT92BbvfjoSozkAIIm6XhicGlJHhFdullInrdhwU8Q==

hoist-non-react-statics@^3.3.1:
  version "3.3.2"
  resolved "https://registry.yarnpkg.com/hoist-non-react-statics/-/hoist-non-react-statics-3.3.2.tgz#ece0acaf71d62c2969c2ec59feff42a4b1a85b45"
  integrity sha512-/gGivxi8JPKWNm/W0jSmzcMPpfpPLc3dY/6GxhX2hQ9iGj3aDfklV4ET7NjKpSinLpJ5vafa9iiGIEZg10SfBw==
  dependencies:
    react-is "^16.7.0"

popmotion@^9.1.0:
  version "9.1.0"
  resolved "https://registry.yarnpkg.com/popmotion/-/popmotion-9.1.0.tgz#4360d06bd18ce8baa8f9284ecec7d55344af6325"
  integrity sha512-+J7pzzBy5kk2qsP8ilowKs/CH+HoZa3kOGEBNCleCvsPXEF3nKHdfAR3SboMyPvdpIrofaT7ZIy/xWgz446Azw==
  dependencies:
    framesync "5.0.0"
    hey-listen "^1.0.8"
    style-value-types "^4.0.1"
    tslib "^1.10.0"

react-is@^16.7.0:
  version "16.13.1"
  resolved "https://registry.yarnpkg.com/react-is/-/react-is-16.13.1.tgz#789729a4dc36de2999dc156dd6c1d9c18cea56a4"
  integrity sha512-24e6ynE2H+OKt4kqsOvNd8kBpV65zoxbA4BVsEOB3ARVWQki/DHzaUoC5KuON/BiccDaCCTZBuOcfZs70kR8bQ==

regenerator-runtime@^0.13.4:
  version "0.13.7"
  resolved "https://registry.yarnpkg.com/regenerator-runtime/-/regenerator-runtime-0.13.7.tgz#cac2dacc8a1ea675feaabaeb8ae833898ae46f55"
  integrity sha512-a54FxoJDIr27pgf7IgeQGxmqUNYrcV338lf/6gH456HZ/PhX+5BcwHXG9ajESmwe6WRO0tAzRUrRmNONWgkrew==

style-value-types@^4.0.1:
  version "4.0.1"
  resolved "https://registry.yarnpkg.com/style-value-types/-/style-value-types-4.0.1.tgz#23f05dd03e8a850654defc22cf03ebac572aaa00"
  integrity sha512-aOV/HHyynIyTmU27qfs0oAHhFde6BFIvV4+nMerE2MAPZMwYOeQk1/F3S6djxF2u4HdbiieCPs3ZzWsbNUoc9A==
  dependencies:
    hey-listen "^1.0.8"
    tslib "^1.10.0"

stylis@^4.0.3:
  version "4.0.6"
  resolved "https://registry.yarnpkg.com/stylis/-/stylis-4.0.6.tgz#0d8b97b6bc4748bea46f68602b6df27641b3c548"
  integrity sha512-1igcUEmYFBEO14uQHAJhCUelTR5jPztfdVKrYxRnDa5D5Dn3w0NxXupJNPr/VV/yRfZYEAco8sTIRZzH3sRYKg==

tslib@^1.10.0:
  version "1.14.1"
  resolved "https://registry.yarnpkg.com/tslib/-/tslib-1.14.1.tgz#cf2d38bdc34a134bcaf1091c41f6619e2f672d00"
  integrity sha512-Xni35NKzjgMrwevysHTCArtLDpPvye8zV/0E4EyYn43P7/7qvQwPh9BGkHewbMulVntbigmcT7rdX3BNo9wRJg==

typescript@4.2.0-dev.20210126:
  version "4.2.0-dev.20210126"
  resolved "https://registry.yarnpkg.com/typescript/-/typescript-4.2.0-dev.20210126.tgz#4793ae57a46f35704980c6f6c1b066ad71f9cbc2"
  integrity sha512-qF2IdchmiWvZFKE6yTMu/6WKX9faQY9yp896NT1tAM5pmJ89WrsyFnQKRjSSiQg0v+xMScM29hlt7uI6Gdg7aA==
