{
    "name": "@zedvision/cf-worker",
    "version": "11.1.10",
    "lockfileVersion": 2,
    "requires": true,
    "packages": {
        "": {
            "name": "@zedvision/cf-worker",
            "version": "11.1.8",
            "license": "BSD-3-Clause",
            "dependencies": {
                "uuid": "8.3.2"
            },
            "devDependencies": {
                "@cloudflare/workers-types": "2.1.0",
                "@cloudflare/wrangler": "1.12.3",
                "@types/uuid": "8.3.0",
                "esbuild": "0.8.29"
            }
        },
        "node_modules/@cloudflare/workers-types": {
            "version": "2.1.0",
            "dev": true,
            "license": "BSD-3-Clause"
        },
        "node_modules/@cloudflare/wrangler": {
            "version": "1.12.3",
            "dev": true,
            "hasInstallScript": true,
            "license": "MIT OR Apache-2.0",
            "dependencies": {
                "binary-install": "0.0.1"
            },
            "bin": {
                "wrangler": "run-wrangler.js"
            }
        },
        "node_modules/@cloudflare/wrangler/node_modules/axios": {
            "version": "0.19.2",
            "dev": true,
            "license": "MIT",
            "dependencies": {
                "follow-redirects": "1.5.10"
            }
        },
        "node_modules/@cloudflare/wrangler/node_modules/balanced-match": {
            "version": "1.0.0",
            "dev": true,
            "license": "MIT"
        },
        "node_modules/@cloudflare/wrangler/node_modules/binary-install": {
            "version": "0.0.1",
            "dev": true,
            "license": "MIT",
            "dependencies": {
                "axios": "^0.19.0",
                "env-paths": "^2.2.0",
                "mkdirp": "^0.5.1",
                "rimraf": "^3.0.0",
                "tar": "^5.0.5",
                "universal-url": "^2.0.0"
            }
        },
        "node_modules/@cloudflare/wrangler/node_modules/brace-expansion": {
            "version": "1.1.11",
            "dev": true,
            "license": "MIT",
            "dependencies": {
                "balanced-match": "^1.0.0",
                "concat-map": "0.0.1"
            }
        },
        "node_modules/@cloudflare/wrangler/node_modules/chownr": {
            "version": "1.1.3",
            "dev": true,
            "license": "ISC"
        },
        "node_modules/@cloudflare/wrangler/node_modules/concat-map": {
            "version": "0.0.1",
            "dev": true,
            "license": "MIT"
        },
        "node_modules/@cloudflare/wrangler/node_modules/debug": {
            "version": "3.1.0",
            "dev": true,
            "license": "MIT",
            "dependencies": {
                "ms": "2.0.0"
            }
        },
        "node_modules/@cloudflare/wrangler/node_modules/env-paths": {
            "version": "2.2.0",
            "dev": true,
            "license": "MIT",
            "engines": {
                "node": ">=6"
            }
        },
        "node_modules/@cloudflare/wrangler/node_modules/follow-redirects": {
            "version": "1.5.10",
            "dev": true,
            "license": "MIT",
            "dependencies": {
                "debug": "=3.1.0"
            },
            "engines": {
                "node": ">=4.0"
            }
        },
        "node_modules/@cloudflare/wrangler/node_modules/fs-minipass": {
            "version": "2.1.0",
            "dev": true,
            "license": "ISC",
            "dependencies": {
                "minipass": "^3.0.0"
            },
            "engines": {
                "node": ">= 8"
            }
        },
        "node_modules/@cloudflare/wrangler/node_modules/fs.realpath": {
            "version": "1.0.0",
            "dev": true,
            "license": "ISC"
        },
        "node_modules/@cloudflare/wrangler/node_modules/glob": {
            "version": "7.1.6",
            "dev": true,
            "license": "ISC",
            "dependencies": {
                "fs.realpath": "^1.0.0",
                "inflight": "^1.0.4",
                "inherits": "2",
                "minimatch": "^3.0.4",
                "once": "^1.3.0",
                "path-is-absolute": "^1.0.0"
            },
            "engines": {
                "node": "*"
            },
            "funding": {
                "url": "https://github.com/sponsors/isaacs"
            }
        },
        "node_modules/@cloudflare/wrangler/node_modules/hasurl": {
            "version": "1.0.0",
            "dev": true,
            "license": "MIT",
            "engines": {
                "node": ">= 4"
            }
        },
        "node_modules/@cloudflare/wrangler/node_modules/inflight": {
            "version": "1.0.6",
            "dev": true,
            "license": "ISC",
            "dependencies": {
                "once": "^1.3.0",
                "wrappy": "1"
            }
        },
        "node_modules/@cloudflare/wrangler/node_modules/inherits": {
            "version": "2.0.4",
            "dev": true,
            "license": "ISC"
        },
        "node_modules/@cloudflare/wrangler/node_modules/lodash.sortby": {
            "version": "4.7.0",
            "dev": true,
            "license": "MIT"
        },
        "node_modules/@cloudflare/wrangler/node_modules/minimatch": {
            "version": "3.0.4",
            "dev": true,
            "license": "ISC",
            "dependencies": {
                "brace-expansion": "^1.1.7"
            },
            "engines": {
                "node": "*"
            }
        },
        "node_modules/@cloudflare/wrangler/node_modules/minimist": {
            "version": "1.2.5",
            "dev": true,
            "license": "MIT"
        },
        "node_modules/@cloudflare/wrangler/node_modules/minipass": {
            "version": "3.1.1",
            "dev": true,
            "license": "ISC",
            "dependencies": {
                "yallist": "^4.0.0"
            },
            "engines": {
                "node": ">=8"
            }
        },
        "node_modules/@cloudflare/wrangler/node_modules/minizlib": {
            "version": "2.1.0",
            "dev": true,
            "license": "MIT",
            "dependencies": {
                "minipass": "^3.0.0",
                "yallist": "^4.0.0"
            },
            "engines": {
                "node": ">= 8"
            }
        },
        "node_modules/@cloudflare/wrangler/node_modules/mkdirp": {
            "version": "0.5.5",
            "dev": true,
            "license": "MIT",
            "dependencies": {
                "minimist": "^1.2.5"
            },
            "bin": {
                "mkdirp": "bin/cmd.js"
            }
        },
        "node_modules/@cloudflare/wrangler/node_modules/ms": {
            "version": "2.0.0",
            "dev": true,
            "license": "MIT"
        },
        "node_modules/@cloudflare/wrangler/node_modules/once": {
            "version": "1.4.0",
            "dev": true,
            "license": "ISC",
            "dependencies": {
                "wrappy": "1"
            }
        },
        "node_modules/@cloudflare/wrangler/node_modules/path-is-absolute": {
            "version": "1.0.1",
            "dev": true,
            "license": "MIT",
            "engines": {
                "node": ">=0.10.0"
            }
        },
        "node_modules/@cloudflare/wrangler/node_modules/punycode": {
            "version": "2.1.1",
            "dev": true,
            "license": "MIT",
            "engines": {
                "node": ">=6"
            }
        },
        "node_modules/@cloudflare/wrangler/node_modules/rimraf": {
            "version": "3.0.1",
            "dev": true,
            "license": "ISC",
            "dependencies": {
                "glob": "^7.1.3"
            },
            "bin": {
                "rimraf": "bin.js"
            },
            "funding": {
                "url": "https://github.com/sponsors/isaacs"
            }
        },
        "node_modules/@cloudflare/wrangler/node_modules/tar": {
            "version": "5.0.5",
            "dev": true,
            "license": "ISC",
            "dependencies": {
                "chownr": "^1.1.3",
                "fs-minipass": "^2.0.0",
                "minipass": "^3.0.0",
                "minizlib": "^2.1.0",
                "mkdirp": "^0.5.0",
                "yallist": "^4.0.0"
            },
            "engines": {
                "node": ">= 8"
            }
        },
        "node_modules/@cloudflare/wrangler/node_modules/tr46": {
            "version": "1.0.1",
            "dev": true,
            "license": "MIT",
            "dependencies": {
                "punycode": "^2.1.0"
            }
        },
        "node_modules/@cloudflare/wrangler/node_modules/universal-url": {
            "version": "2.0.0",
            "dev": true,
            "license": "MIT",
            "dependencies": {
                "hasurl": "^1.0.0",
                "whatwg-url": "^7.0.0"
            },
            "engines": {
                "node": ">= 6"
            }
        },
        "node_modules/@cloudflare/wrangler/node_modules/webidl-conversions": {
            "version": "4.0.2",
            "dev": true,
            "license": "BSD-2-Clause"
        },
        "node_modules/@cloudflare/wrangler/node_modules/whatwg-url": {
            "version": "7.1.0",
            "dev": true,
            "license": "MIT",
            "dependencies": {
                "lodash.sortby": "^4.7.0",
                "tr46": "^1.0.1",
                "webidl-conversions": "^4.0.2"
            }
        },
        "node_modules/@cloudflare/wrangler/node_modules/wrappy": {
            "version": "1.0.2",
            "dev": true,
            "license": "ISC"
        },
        "node_modules/@cloudflare/wrangler/node_modules/yallist": {
            "version": "4.0.0",
            "dev": true,
            "license": "ISC"
        },
        "node_modules/@types/uuid": {
            "version": "8.3.0",
            "dev": true,
            "license": "MIT"
        },
        "node_modules/esbuild": {
            "version": "0.8.29",
            "dev": true,
            "hasInstallScript": true,
            "license": "MIT",
            "bin": {
                "esbuild": "bin/esbuild"
            }
        },
        "node_modules/uuid": {
            "version": "8.3.2",
            "license": "MIT",
            "bin": {
                "uuid": "dist/bin/uuid"
            }
        }
    },
    "dependencies": {
        "@cloudflare/workers-types": {
            "version": "2.1.0",
            "dev": true
        },
        "@cloudflare/wrangler": {
            "version": "1.12.3",
            "dev": true,
            "requires": {
                "binary-install": "0.0.1"
            },
            "dependencies": {
                "axios": {
                    "version": "0.19.2",
                    "dev": true,
                    "requires": {
                        "follow-redirects": "1.5.10"
                    }
                },
                "balanced-match": {
                    "version": "1.0.0",
                    "dev": true
                },
                "binary-install": {
                    "version": "0.0.1",
                    "dev": true,
                    "requires": {
                        "axios": "^0.19.0",
                        "env-paths": "^2.2.0",
                        "mkdirp": "^0.5.1",
                        "rimraf": "^3.0.0",
                        "tar": "^5.0.5",
                        "universal-url": "^2.0.0"
                    }
                },
                "brace-expansion": {
                    "version": "1.1.11",
                    "dev": true,
                    "requires": {
                        "balanced-match": "^1.0.0",
                        "concat-map": "0.0.1"
                    }
                },
                "chownr": {
                    "version": "1.1.3",
                    "dev": true
                },
                "concat-map": {
                    "version": "0.0.1",
                    "dev": true
                },
                "debug": {
                    "version": "3.1.0",
                    "dev": true,
                    "requires": {
                        "ms": "2.0.0"
                    }
                },
                "env-paths": {
                    "version": "2.2.0",
                    "dev": true
                },
                "follow-redirects": {
                    "version": "1.5.10",
                    "dev": true,
                    "requires": {
                        "debug": "=3.1.0"
                    }
                },
                "fs-minipass": {
                    "version": "2.1.0",
                    "dev": true,
                    "requires": {
                        "minipass": "^3.0.0"
                    }
                },
                "fs.realpath": {
                    "version": "1.0.0",
                    "dev": true
                },
                "glob": {
                    "version": "7.1.6",
                    "dev": true,
                    "requires": {
                        "fs.realpath": "^1.0.0",
                        "inflight": "^1.0.4",
                        "inherits": "2",
                        "minimatch": "^3.0.4",
                        "once": "^1.3.0",
                        "path-is-absolute": "^1.0.0"
                    }
                },
                "hasurl": {
                    "version": "1.0.0",
                    "dev": true
                },
                "inflight": {
                    "version": "1.0.6",
                    "dev": true,
                    "requires": {
                        "once": "^1.3.0",
                        "wrappy": "1"
                    }
                },
                "inherits": {
                    "version": "2.0.4",
                    "dev": true
                },
                "lodash.sortby": {
                    "version": "4.7.0",
                    "dev": true
                },
                "minimatch": {
                    "version": "3.0.4",
                    "dev": true,
                    "requires": {
                        "brace-expansion": "^1.1.7"
                    }
                },
                "minimist": {
                    "version": "1.2.5",
                    "dev": true
                },
                "minipass": {
                    "version": "3.1.1",
                    "dev": true,
                    "requires": {
                        "yallist": "^4.0.0"
                    }
                },
                "minizlib": {
                    "version": "2.1.0",
                    "dev": true,
                    "requires": {
                        "minipass": "^3.0.0",
                        "yallist": "^4.0.0"
                    }
                },
                "mkdirp": {
                    "version": "0.5.5",
                    "dev": true,
                    "requires": {
                        "minimist": "^1.2.5"
                    }
                },
                "ms": {
                    "version": "2.0.0",
                    "dev": true
                },
                "once": {
                    "version": "1.4.0",
                    "dev": true,
                    "requires": {
                        "wrappy": "1"
                    }
                },
                "path-is-absolute": {
                    "version": "1.0.1",
                    "dev": true
                },
                "punycode": {
                    "version": "2.1.1",
                    "dev": true
                },
                "rimraf": {
                    "version": "3.0.1",
                    "dev": true,
                    "requires": {
                        "glob": "^7.1.3"
                    }
                },
                "tar": {
                    "version": "5.0.5",
                    "dev": true,
                    "requires": {
                        "chownr": "^1.1.3",
                        "fs-minipass": "^2.0.0",
                        "minipass": "^3.0.0",
                        "minizlib": "^2.1.0",
                        "mkdirp": "^0.5.0",
                        "yallist": "^4.0.0"
                    }
                },
                "tr46": {
                    "version": "1.0.1",
                    "dev": true,
                    "requires": {
                        "punycode": "^2.1.0"
                    }
                },
                "universal-url": {
                    "version": "2.0.0",
                    "dev": true,
                    "requires": {
                        "hasurl": "^1.0.0",
                        "whatwg-url": "^7.0.0"
                    }
                },
                "webidl-conversions": {
                    "version": "4.0.2",
                    "dev": true
                },
                "whatwg-url": {
                    "version": "7.1.0",
                    "dev": true,
                    "requires": {
                        "lodash.sortby": "^4.7.0",
                        "tr46": "^1.0.1",
                        "webidl-conversions": "^4.0.2"
                    }
                },
                "wrappy": {
                    "version": "1.0.2",
                    "dev": true
                },
                "yallist": {
                    "version": "4.0.0",
                    "dev": true
                }
            }
        },
        "@types/uuid": {
            "version": "8.3.0",
            "dev": true
        },
        "esbuild": {
            "version": "0.8.29",
            "dev": true
        },
        "uuid": {
            "version": "8.3.2"
        }
    }
}
