{
  "name": "@devcontainer/cypress",
  "version": "13.0.7",
  "lockfileVersion": 2,
  "requires": true,
  "packages": {
    "": {
      "name": "@devcontainer/cypress",
      "version": "13.0.4",
      "license": "BSD-3-Clause",
      "devDependencies": {
        "@devcontainer/generator": "12.0.6"
      }
    },
    "node_modules/@devcontainer/generator": {
      "version": "12.0.6",
      "resolved": "https://registry.npmjs.org/@devcontainer/generator/-/generator-12.0.6.tgz",
      "integrity": "sha512-rMJQte47yfaT0HnhZ6jysFvJ/jUb7UvwS7UCEWg18W/kWEUctvB3UI2GrcQxHmxovJbBGdATSFPGJYCE60I91A==",
      "dev": true
    }
  },
  "dependencies": {
    "@devcontainer/generator": {
      "version": "12.0.6",
      "resolved": "https://registry.npmjs.org/@devcontainer/generator/-/generator-12.0.6.tgz",
      "integrity": "sha512-rMJQte47yfaT0HnhZ6jysFvJ/jUb7UvwS7UCEWg18W/kWEUctvB3UI2GrcQxHmxovJbBGdATSFPGJYCE60I91A==",
      "dev": true
    }
  }
}
