{
    "name": "@zedvision/diff",
    "version": "8.4.1",
    "lockfileVersion": 1,
    "requires": true,
    "dependencies": {
        "diff": {
            "version": "5.0.0",
            "resolved": "https://registry.npmjs.org/diff/-/diff-5.0.0.tgz",
            "integrity": "sha512-/VTCrvm5Z0JGty/BWHljh+BAiw3IK+2j87NGMu8Nwc/f48WoDAC395uomO9ZD117ZOBaHmkX1oyLvkVM/aIT3w=="
        },
        "esbuild": {
            "version": "0.8.21",
            "resolved": "https://registry.npmjs.org/esbuild/-/esbuild-0.8.21.tgz",
            "integrity": "sha512-vRRx5MZmiekw2R7jK5BppvBUFCJA0Zkl0wYxrDmyUvMPBcQC/xJvxJUM4R+Hgjgb3gp5P1W655AsuoqDeQQDVw=="
        }
    }
}
