{
  "name": "@devcontainer/groovy-xfce-novnc",
  "version": "11.1.0",
  "lockfileVersion": 2,
  "requires": true,
  "packages": {
    "": {
      "name": "@devcontainer/groovy-xfce-novnc",
      "version": "11.1.0",
      "license": "BSD-3-Clause",
      "devDependencies": {
        "@devcontainer/generator": "^11.1.0"
      }
    },
    "node_modules/@devcontainer/generator": {
      "version": "11.1.0",
      "resolved": "https://registry.npmjs.org/@devcontainer/generator/-/generator-11.1.0.tgz",
      "integrity": "sha512-FvSn+l/GvbWv6fCkAMa4diKORodYnGZ1r1siv2BGCIYwRxUndkNGyiz2es7zRnThV47Wqy5BdM/nq3o5b2obow==",
      "dev": true
    }
  },
  "dependencies": {
    "@devcontainer/generator": {
      "version": "11.1.0",
      "resolved": "https://registry.npmjs.org/@devcontainer/generator/-/generator-11.1.0.tgz",
      "integrity": "sha512-FvSn+l/GvbWv6fCkAMa4diKORodYnGZ1r1siv2BGCIYwRxUndkNGyiz2es7zRnThV47Wqy5BdM/nq3o5b2obow==",
      "dev": true
    }
  }
}
