{
  "name": "@devcontainer/groovy-xfce-novnc",
  "version": "10.14.7",
  "lockfileVersion": 2,
  "requires": true,
  "packages": {
    "": {
      "name": "@devcontainer/groovy-xfce-novnc",
      "version": "10.14.7",
      "license": "BSD-3-Clause",
      "devDependencies": {
        "@devcontainer/generator": "^10.14.7"
      }
    },
    "../generator": {
      "name": "@devcontainer/generator",
      "version": "10.14.7",
      "dev": true,
      "license": "MIT",
      "devDependencies": {
        "typescript": "4.1.3"
      }
    },
    "../generator/node_modules/typescript": {
      "version": "4.1.3",
      "dev": true,
      "license": "Apache-2.0",
      "bin": {
        "tsc": "bin/tsc",
        "tsserver": "bin/tsserver"
      },
      "engines": {
        "node": ">=4.2.0"
      }
    },
    "node_modules/@devcontainer/generator": {
      "resolved": "../generator",
      "link": true
    }
  },
  "dependencies": {
    "@devcontainer/generator": {
      "version": "file:../generator",
      "requires": {
        "typescript": "4.1.3"
      },
      "dependencies": {
        "typescript": {
          "version": "4.1.3",
          "dev": true
        }
      }
    }
  }
}
