{
  "name": "@zedvision/emotion-react-renderer",
  "version": "11.1.8",
  "lockfileVersion": 2,
  "requires": true,
  "packages": {
    "": {
      "name": "@zedvision/emotion-react-renderer",
      "version": "11.1.6",
      "license": "MIT",
      "dependencies": {
        "@emotion/react": "11.1.4",
        "framer-motion": "3.1.1",
        "react": "17.0.1",
        "react-dom": "17.0.1"
      },
      "devDependencies": {
        "@types/react": "17.0.0",
        "@types/react-dom": "17.0.0",
        "esbuild": "0.8.28",
        "typescript": "4.1.3"
      }
    },
    "node_modules/@babel/runtime": {
      "version": "7.12.5",
      "resolved": "https://registry.npmjs.org/@babel/runtime/-/runtime-7.12.5.tgz",
      "integrity": "sha512-plcc+hbExy3McchJCEQG3knOsuh3HH+Prx1P6cLIkET/0dLuQDEnrT+s27Axgc9bqfsmNUNHfscgMUdBpC9xfg==",
      "dependencies": {
        "regenerator-runtime": "^0.13.4"
      }
    },
    "node_modules/@emotion/cache": {
      "version": "11.1.3",
      "resolved": "https://registry.npmjs.org/@emotion/cache/-/cache-11.1.3.tgz",
      "integrity": "sha512-n4OWinUPJVaP6fXxWZD9OUeQ0lY7DvtmtSuqtRWT0Ofo/sBLCVSgb4/Oa0Q5eFxcwablRKjUXqXtNZVyEwCAuA==",
      "dependencies": {
        "@emotion/memoize": "^0.7.4",
        "@emotion/sheet": "^1.0.0",
        "@emotion/utils": "^1.0.0",
        "@emotion/weak-memoize": "^0.2.5",
        "stylis": "^4.0.3"
      }
    },
    "node_modules/@emotion/hash": {
      "version": "0.8.0",
      "resolved": "https://registry.npmjs.org/@emotion/hash/-/hash-0.8.0.tgz",
      "integrity": "sha512-kBJtf7PH6aWwZ6fka3zQ0p6SBYzx4fl1LoZXE2RrnYST9Xljm7WfKJrU4g/Xr3Beg72MLrp1AWNUmuYJTL7Cow=="
    },
    "node_modules/@emotion/is-prop-valid": {
      "version": "0.8.8",
      "resolved": "https://registry.npmjs.org/@emotion/is-prop-valid/-/is-prop-valid-0.8.8.tgz",
      "integrity": "sha512-u5WtneEAr5IDG2Wv65yhunPSMLIpuKsbuOktRojfrEiEvRyC85LgPMZI63cr7NUqT8ZIGdSVg8ZKGxIug4lXcA==",
      "optional": true,
      "dependencies": {
        "@emotion/memoize": "0.7.4"
      }
    },
    "node_modules/@emotion/is-prop-valid/node_modules/@emotion/memoize": {
      "version": "0.7.4",
      "resolved": "https://registry.npmjs.org/@emotion/memoize/-/memoize-0.7.4.tgz",
      "integrity": "sha512-Ja/Vfqe3HpuzRsG1oBtWTHk2PGZ7GR+2Vz5iYGelAw8dx32K0y7PjVuxK6z1nMpZOqAFsRUPCkK1YjJ56qJlgw==",
      "optional": true
    },
    "node_modules/@emotion/memoize": {
      "version": "0.7.5",
      "resolved": "https://registry.npmjs.org/@emotion/memoize/-/memoize-0.7.5.tgz",
      "integrity": "sha512-igX9a37DR2ZPGYtV6suZ6whr8pTFtyHL3K/oLUotxpSVO2ASaprmAe2Dkq7tBo7CRY7MMDrAa9nuQP9/YG8FxQ=="
    },
    "node_modules/@emotion/react": {
      "version": "11.1.4",
      "resolved": "https://registry.npmjs.org/@emotion/react/-/react-11.1.4.tgz",
      "integrity": "sha512-9gkhrW8UjV4IGRnEe4/aGPkUxoGS23aD9Vu6JCGfEDyBYL+nGkkRBoMFGAzCT9qFdyUvQp4UUtErbKWxq/JS4A==",
      "dependencies": {
        "@babel/runtime": "^7.7.2",
        "@emotion/cache": "^11.1.3",
        "@emotion/serialize": "^1.0.0",
        "@emotion/sheet": "^1.0.1",
        "@emotion/utils": "^1.0.0",
        "@emotion/weak-memoize": "^0.2.5",
        "hoist-non-react-statics": "^3.3.1"
      },
      "peerDependencies": {
        "@babel/core": "^7.0.0",
        "react": ">=16.8.0"
      },
      "peerDependenciesMeta": {
        "@babel/core": {
          "optional": true
        },
        "@types/react": {
          "optional": true
        }
      }
    },
    "node_modules/@emotion/serialize": {
      "version": "1.0.0",
      "resolved": "https://registry.npmjs.org/@emotion/serialize/-/serialize-1.0.0.tgz",
      "integrity": "sha512-zt1gm4rhdo5Sry8QpCOpopIUIKU+mUSpV9WNmFILUraatm5dttNEaYzUWWSboSMUE6PtN2j1cAsuvcugfdI3mw==",
      "dependencies": {
        "@emotion/hash": "^0.8.0",
        "@emotion/memoize": "^0.7.4",
        "@emotion/unitless": "^0.7.5",
        "@emotion/utils": "^1.0.0",
        "csstype": "^3.0.2"
      }
    },
    "node_modules/@emotion/sheet": {
      "version": "1.0.1",
      "resolved": "https://registry.npmjs.org/@emotion/sheet/-/sheet-1.0.1.tgz",
      "integrity": "sha512-GbIvVMe4U+Zc+929N1V7nW6YYJtidj31lidSmdYcWozwoBIObXBnaJkKNDjZrLm9Nc0BR+ZyHNaRZxqNZbof5g=="
    },
    "node_modules/@emotion/unitless": {
      "version": "0.7.5",
      "resolved": "https://registry.npmjs.org/@emotion/unitless/-/unitless-0.7.5.tgz",
      "integrity": "sha512-OWORNpfjMsSSUBVrRBVGECkhWcULOAJz9ZW8uK9qgxD+87M7jHRcvh/A96XXNhXTLmKcoYSQtBEX7lHMO7YRwg=="
    },
    "node_modules/@emotion/utils": {
      "version": "1.0.0",
      "resolved": "https://registry.npmjs.org/@emotion/utils/-/utils-1.0.0.tgz",
      "integrity": "sha512-mQC2b3XLDs6QCW+pDQDiyO/EdGZYOygE8s5N5rrzjSI4M3IejPE/JPndCBwRT9z982aqQNi6beWs1UeayrQxxA=="
    },
    "node_modules/@emotion/weak-memoize": {
      "version": "0.2.5",
      "resolved": "https://registry.npmjs.org/@emotion/weak-memoize/-/weak-memoize-0.2.5.tgz",
      "integrity": "sha512-6U71C2Wp7r5XtFtQzYrW5iKFT67OixrSxjI4MptCHzdSVlgabczzqLe0ZSgnub/5Kp4hSbpDB1tMytZY9pwxxA=="
    },
    "node_modules/@types/prop-types": {
      "version": "15.7.3",
      "resolved": "https://registry.npmjs.org/@types/prop-types/-/prop-types-15.7.3.tgz",
      "integrity": "sha512-KfRL3PuHmqQLOG+2tGpRO26Ctg+Cq1E01D2DMriKEATHgWLfeNDmq9e29Q9WIky0dQ3NPkd1mzYH8Lm936Z9qw==",
      "dev": true
    },
    "node_modules/@types/react": {
      "version": "17.0.0",
      "resolved": "https://registry.npmjs.org/@types/react/-/react-17.0.0.tgz",
      "integrity": "sha512-aj/L7RIMsRlWML3YB6KZiXB3fV2t41+5RBGYF8z+tAKU43Px8C3cYUZsDvf1/+Bm4FK21QWBrDutu8ZJ/70qOw==",
      "dev": true,
      "dependencies": {
        "@types/prop-types": "*",
        "csstype": "^3.0.2"
      }
    },
    "node_modules/@types/react-dom": {
      "version": "17.0.0",
      "resolved": "https://registry.npmjs.org/@types/react-dom/-/react-dom-17.0.0.tgz",
      "integrity": "sha512-lUqY7OlkF/RbNtD5nIq7ot8NquXrdFrjSOR6+w9a9RFQevGi1oZO1dcJbXMeONAPKtZ2UrZOEJ5UOCVsxbLk/g==",
      "dev": true,
      "dependencies": {
        "@types/react": "*"
      }
    },
    "node_modules/csstype": {
      "version": "3.0.5",
      "resolved": "https://registry.npmjs.org/csstype/-/csstype-3.0.5.tgz",
      "integrity": "sha512-uVDi8LpBUKQj6sdxNaTetL6FpeCqTjOvAQuQUa/qAqq8oOd4ivkbhgnqayl0dnPal8Tb/yB1tF+gOvCBiicaiQ=="
    },
    "node_modules/esbuild": {
      "version": "0.8.28",
      "resolved": "https://registry.npmjs.org/esbuild/-/esbuild-0.8.28.tgz",
      "integrity": "sha512-8u4PliPrsELMwl0X4ChPJvlNfoSh5OSpLHcAFFiipi2m/k+9i4cEjQB8rztLiiqO7kXnL+IaNU36StgnpHhOwA==",
      "dev": true,
      "hasInstallScript": true,
      "bin": {
        "esbuild": "bin/esbuild"
      }
    },
    "node_modules/framer-motion": {
      "version": "3.1.1",
      "resolved": "https://registry.npmjs.org/framer-motion/-/framer-motion-3.1.1.tgz",
      "integrity": "sha512-Gm1QSb0xUxuhcPar5FIs5Ws+STrhLZ6XZf2Io8dVwFofe1OzwkL9asGFVu7z3y6WqC4Hvnxm7wsW5SBHlxZDYw==",
      "dependencies": {
        "@emotion/is-prop-valid": "^0.8.2",
        "framesync": "^5.0.0",
        "hey-listen": "^1.0.8",
        "popmotion": "^9.0.2",
        "style-value-types": "^3.2.0",
        "tslib": "^1.10.0"
      },
      "optionalDependencies": {
        "@emotion/is-prop-valid": "^0.8.2"
      },
      "peerDependencies": {
        "react": ">=16.8",
        "react-dom": ">=16.8"
      }
    },
    "node_modules/framesync": {
      "version": "5.0.0",
      "resolved": "https://registry.npmjs.org/framesync/-/framesync-5.0.0.tgz",
      "integrity": "sha512-wd8t+JsQGisluSv1twiEeDv0aNGpavGb9q7xgIk9fGbcIWkNXF/KVtrjnOrCwBWJuiXxlJfNkcvGudsI32FxYA=="
    },
    "node_modules/hey-listen": {
      "version": "1.0.8",
      "resolved": "https://registry.npmjs.org/hey-listen/-/hey-listen-1.0.8.tgz",
      "integrity": "sha512-COpmrF2NOg4TBWUJ5UVyaCU2A88wEMkUPK4hNqyCkqHbxT92BbvfjoSozkAIIm6XhicGlJHhFdullInrdhwU8Q=="
    },
    "node_modules/hoist-non-react-statics": {
      "version": "3.3.2",
      "resolved": "https://registry.npmjs.org/hoist-non-react-statics/-/hoist-non-react-statics-3.3.2.tgz",
      "integrity": "sha512-/gGivxi8JPKWNm/W0jSmzcMPpfpPLc3dY/6GxhX2hQ9iGj3aDfklV4ET7NjKpSinLpJ5vafa9iiGIEZg10SfBw==",
      "dependencies": {
        "react-is": "^16.7.0"
      }
    },
    "node_modules/js-tokens": {
      "version": "4.0.0",
      "resolved": "https://registry.npmjs.org/js-tokens/-/js-tokens-4.0.0.tgz",
      "integrity": "sha512-RdJUflcE3cUzKiMqQgsCu06FPu9UdIJO0beYbPhHN4k6apgJtifcoCtT9bcxOpYBtpD2kCM6Sbzg4CausW/PKQ=="
    },
    "node_modules/loose-envify": {
      "version": "1.4.0",
      "resolved": "https://registry.npmjs.org/loose-envify/-/loose-envify-1.4.0.tgz",
      "integrity": "sha512-lyuxPGr/Wfhrlem2CL/UcnUc1zcqKAImBDzukY7Y5F/yQiNdko6+fRLevlw1HgMySw7f611UIY408EtxRSoK3Q==",
      "dependencies": {
        "js-tokens": "^3.0.0 || ^4.0.0"
      },
      "bin": {
        "loose-envify": "cli.js"
      }
    },
    "node_modules/object-assign": {
      "version": "4.1.1",
      "resolved": "https://registry.npmjs.org/object-assign/-/object-assign-4.1.1.tgz",
      "integrity": "sha1-IQmtx5ZYh8/AXLvUQsrIv7s2CGM=",
      "engines": {
        "node": ">=0.10.0"
      }
    },
    "node_modules/popmotion": {
      "version": "9.0.2",
      "resolved": "https://registry.npmjs.org/popmotion/-/popmotion-9.0.2.tgz",
      "integrity": "sha512-WfSg8IfoUwYIP9uqeqbgncIsMHLAKWqebT2IP1aGAI6gdSJqTPy/H8NvP4ZyDtDCUCx5Yh3Pth/7iUJjIwR7LA==",
      "dependencies": {
        "framesync": "5.0.0",
        "hey-listen": "^1.0.8",
        "style-value-types": "3.2.0",
        "tslib": "^1.10.0"
      }
    },
    "node_modules/react": {
      "version": "17.0.1",
      "resolved": "https://registry.npmjs.org/react/-/react-17.0.1.tgz",
      "integrity": "sha512-lG9c9UuMHdcAexXtigOZLX8exLWkW0Ku29qPRU8uhF2R9BN96dLCt0psvzPLlHc5OWkgymP3qwTRgbnw5BKx3w==",
      "dependencies": {
        "loose-envify": "^1.1.0",
        "object-assign": "^4.1.1"
      },
      "engines": {
        "node": ">=0.10.0"
      }
    },
    "node_modules/react-dom": {
      "version": "17.0.1",
      "resolved": "https://registry.npmjs.org/react-dom/-/react-dom-17.0.1.tgz",
      "integrity": "sha512-6eV150oJZ9U2t9svnsspTMrWNyHc6chX0KzDeAOXftRa8bNeOKTTfCJ7KorIwenkHd2xqVTBTCZd79yk/lx/Ug==",
      "dependencies": {
        "loose-envify": "^1.1.0",
        "object-assign": "^4.1.1",
        "scheduler": "^0.20.1"
      },
      "peerDependencies": {
        "react": "17.0.1"
      }
    },
    "node_modules/react-is": {
      "version": "16.13.1",
      "resolved": "https://registry.npmjs.org/react-is/-/react-is-16.13.1.tgz",
      "integrity": "sha512-24e6ynE2H+OKt4kqsOvNd8kBpV65zoxbA4BVsEOB3ARVWQki/DHzaUoC5KuON/BiccDaCCTZBuOcfZs70kR8bQ=="
    },
    "node_modules/regenerator-runtime": {
      "version": "0.13.7",
      "resolved": "https://registry.npmjs.org/regenerator-runtime/-/regenerator-runtime-0.13.7.tgz",
      "integrity": "sha512-a54FxoJDIr27pgf7IgeQGxmqUNYrcV338lf/6gH456HZ/PhX+5BcwHXG9ajESmwe6WRO0tAzRUrRmNONWgkrew=="
    },
    "node_modules/scheduler": {
      "version": "0.20.1",
      "resolved": "https://registry.npmjs.org/scheduler/-/scheduler-0.20.1.tgz",
      "integrity": "sha512-LKTe+2xNJBNxu/QhHvDR14wUXHRQbVY5ZOYpOGWRzhydZUqrLb2JBvLPY7cAqFmqrWuDED0Mjk7013SZiOz6Bw==",
      "dependencies": {
        "loose-envify": "^1.1.0",
        "object-assign": "^4.1.1"
      }
    },
    "node_modules/style-value-types": {
      "version": "3.2.0",
      "resolved": "https://registry.npmjs.org/style-value-types/-/style-value-types-3.2.0.tgz",
      "integrity": "sha512-ih0mGsrYYmVvdDi++/66O6BaQPRPRMQHoZevNNdMMcPlP/cH28Rnfsqf1UEba/Bwfuw9T8BmIMwbGdzsPwQKrQ==",
      "dependencies": {
        "hey-listen": "^1.0.8",
        "tslib": "^1.10.0"
      }
    },
    "node_modules/stylis": {
      "version": "4.0.6",
      "resolved": "https://registry.npmjs.org/stylis/-/stylis-4.0.6.tgz",
      "integrity": "sha512-1igcUEmYFBEO14uQHAJhCUelTR5jPztfdVKrYxRnDa5D5Dn3w0NxXupJNPr/VV/yRfZYEAco8sTIRZzH3sRYKg=="
    },
    "node_modules/tslib": {
      "version": "1.14.1",
      "resolved": "https://registry.npmjs.org/tslib/-/tslib-1.14.1.tgz",
      "integrity": "sha512-Xni35NKzjgMrwevysHTCArtLDpPvye8zV/0E4EyYn43P7/7qvQwPh9BGkHewbMulVntbigmcT7rdX3BNo9wRJg=="
    },
    "node_modules/typescript": {
      "version": "4.1.3",
      "resolved": "https://registry.npmjs.org/typescript/-/typescript-4.1.3.tgz",
      "integrity": "sha512-B3ZIOf1IKeH2ixgHhj6la6xdwR9QrLC5d1VKeCSY4tvkqhF2eqd9O7txNlS0PO3GrBAFIdr3L1ndNwteUbZLYg==",
      "dev": true,
      "bin": {
        "tsc": "bin/tsc",
        "tsserver": "bin/tsserver"
      },
      "engines": {
        "node": ">=4.2.0"
      }
    }
  },
  "dependencies": {
    "@babel/runtime": {
      "version": "7.12.5",
      "resolved": "https://registry.npmjs.org/@babel/runtime/-/runtime-7.12.5.tgz",
      "integrity": "sha512-plcc+hbExy3McchJCEQG3knOsuh3HH+Prx1P6cLIkET/0dLuQDEnrT+s27Axgc9bqfsmNUNHfscgMUdBpC9xfg==",
      "requires": {
        "regenerator-runtime": "^0.13.4"
      }
    },
    "@emotion/cache": {
      "version": "11.1.3",
      "resolved": "https://registry.npmjs.org/@emotion/cache/-/cache-11.1.3.tgz",
      "integrity": "sha512-n4OWinUPJVaP6fXxWZD9OUeQ0lY7DvtmtSuqtRWT0Ofo/sBLCVSgb4/Oa0Q5eFxcwablRKjUXqXtNZVyEwCAuA==",
      "requires": {
        "@emotion/memoize": "^0.7.4",
        "@emotion/sheet": "^1.0.0",
        "@emotion/utils": "^1.0.0",
        "@emotion/weak-memoize": "^0.2.5",
        "stylis": "^4.0.3"
      }
    },
    "@emotion/hash": {
      "version": "0.8.0",
      "resolved": "https://registry.npmjs.org/@emotion/hash/-/hash-0.8.0.tgz",
      "integrity": "sha512-kBJtf7PH6aWwZ6fka3zQ0p6SBYzx4fl1LoZXE2RrnYST9Xljm7WfKJrU4g/Xr3Beg72MLrp1AWNUmuYJTL7Cow=="
    },
    "@emotion/is-prop-valid": {
      "version": "0.8.8",
      "resolved": "https://registry.npmjs.org/@emotion/is-prop-valid/-/is-prop-valid-0.8.8.tgz",
      "integrity": "sha512-u5WtneEAr5IDG2Wv65yhunPSMLIpuKsbuOktRojfrEiEvRyC85LgPMZI63cr7NUqT8ZIGdSVg8ZKGxIug4lXcA==",
      "optional": true,
      "requires": {
        "@emotion/memoize": "0.7.4"
      },
      "dependencies": {
        "@emotion/memoize": {
          "version": "0.7.4",
          "resolved": "https://registry.npmjs.org/@emotion/memoize/-/memoize-0.7.4.tgz",
          "integrity": "sha512-Ja/Vfqe3HpuzRsG1oBtWTHk2PGZ7GR+2Vz5iYGelAw8dx32K0y7PjVuxK6z1nMpZOqAFsRUPCkK1YjJ56qJlgw==",
          "optional": true
        }
      }
    },
    "@emotion/memoize": {
      "version": "0.7.5",
      "resolved": "https://registry.npmjs.org/@emotion/memoize/-/memoize-0.7.5.tgz",
      "integrity": "sha512-igX9a37DR2ZPGYtV6suZ6whr8pTFtyHL3K/oLUotxpSVO2ASaprmAe2Dkq7tBo7CRY7MMDrAa9nuQP9/YG8FxQ=="
    },
    "@emotion/react": {
      "version": "11.1.4",
      "resolved": "https://registry.npmjs.org/@emotion/react/-/react-11.1.4.tgz",
      "integrity": "sha512-9gkhrW8UjV4IGRnEe4/aGPkUxoGS23aD9Vu6JCGfEDyBYL+nGkkRBoMFGAzCT9qFdyUvQp4UUtErbKWxq/JS4A==",
      "requires": {
        "@babel/runtime": "^7.7.2",
        "@emotion/cache": "^11.1.3",
        "@emotion/serialize": "^1.0.0",
        "@emotion/sheet": "^1.0.1",
        "@emotion/utils": "^1.0.0",
        "@emotion/weak-memoize": "^0.2.5",
        "hoist-non-react-statics": "^3.3.1"
      }
    },
    "@emotion/serialize": {
      "version": "1.0.0",
      "resolved": "https://registry.npmjs.org/@emotion/serialize/-/serialize-1.0.0.tgz",
      "integrity": "sha512-zt1gm4rhdo5Sry8QpCOpopIUIKU+mUSpV9WNmFILUraatm5dttNEaYzUWWSboSMUE6PtN2j1cAsuvcugfdI3mw==",
      "requires": {
        "@emotion/hash": "^0.8.0",
        "@emotion/memoize": "^0.7.4",
        "@emotion/unitless": "^0.7.5",
        "@emotion/utils": "^1.0.0",
        "csstype": "^3.0.2"
      }
    },
    "@emotion/sheet": {
      "version": "1.0.1",
      "resolved": "https://registry.npmjs.org/@emotion/sheet/-/sheet-1.0.1.tgz",
      "integrity": "sha512-GbIvVMe4U+Zc+929N1V7nW6YYJtidj31lidSmdYcWozwoBIObXBnaJkKNDjZrLm9Nc0BR+ZyHNaRZxqNZbof5g=="
    },
    "@emotion/unitless": {
      "version": "0.7.5",
      "resolved": "https://registry.npmjs.org/@emotion/unitless/-/unitless-0.7.5.tgz",
      "integrity": "sha512-OWORNpfjMsSSUBVrRBVGECkhWcULOAJz9ZW8uK9qgxD+87M7jHRcvh/A96XXNhXTLmKcoYSQtBEX7lHMO7YRwg=="
    },
    "@emotion/utils": {
      "version": "1.0.0",
      "resolved": "https://registry.npmjs.org/@emotion/utils/-/utils-1.0.0.tgz",
      "integrity": "sha512-mQC2b3XLDs6QCW+pDQDiyO/EdGZYOygE8s5N5rrzjSI4M3IejPE/JPndCBwRT9z982aqQNi6beWs1UeayrQxxA=="
    },
    "@emotion/weak-memoize": {
      "version": "0.2.5",
      "resolved": "https://registry.npmjs.org/@emotion/weak-memoize/-/weak-memoize-0.2.5.tgz",
      "integrity": "sha512-6U71C2Wp7r5XtFtQzYrW5iKFT67OixrSxjI4MptCHzdSVlgabczzqLe0ZSgnub/5Kp4hSbpDB1tMytZY9pwxxA=="
    },
    "@types/prop-types": {
      "version": "15.7.3",
      "resolved": "https://registry.npmjs.org/@types/prop-types/-/prop-types-15.7.3.tgz",
      "integrity": "sha512-KfRL3PuHmqQLOG+2tGpRO26Ctg+Cq1E01D2DMriKEATHgWLfeNDmq9e29Q9WIky0dQ3NPkd1mzYH8Lm936Z9qw==",
      "dev": true
    },
    "@types/react": {
      "version": "17.0.0",
      "resolved": "https://registry.npmjs.org/@types/react/-/react-17.0.0.tgz",
      "integrity": "sha512-aj/L7RIMsRlWML3YB6KZiXB3fV2t41+5RBGYF8z+tAKU43Px8C3cYUZsDvf1/+Bm4FK21QWBrDutu8ZJ/70qOw==",
      "dev": true,
      "requires": {
        "@types/prop-types": "*",
        "csstype": "^3.0.2"
      }
    },
    "@types/react-dom": {
      "version": "17.0.0",
      "resolved": "https://registry.npmjs.org/@types/react-dom/-/react-dom-17.0.0.tgz",
      "integrity": "sha512-lUqY7OlkF/RbNtD5nIq7ot8NquXrdFrjSOR6+w9a9RFQevGi1oZO1dcJbXMeONAPKtZ2UrZOEJ5UOCVsxbLk/g==",
      "dev": true,
      "requires": {
        "@types/react": "*"
      }
    },
    "csstype": {
      "version": "3.0.5",
      "resolved": "https://registry.npmjs.org/csstype/-/csstype-3.0.5.tgz",
      "integrity": "sha512-uVDi8LpBUKQj6sdxNaTetL6FpeCqTjOvAQuQUa/qAqq8oOd4ivkbhgnqayl0dnPal8Tb/yB1tF+gOvCBiicaiQ=="
    },
    "esbuild": {
      "version": "0.8.28",
      "resolved": "https://registry.npmjs.org/esbuild/-/esbuild-0.8.28.tgz",
      "integrity": "sha512-8u4PliPrsELMwl0X4ChPJvlNfoSh5OSpLHcAFFiipi2m/k+9i4cEjQB8rztLiiqO7kXnL+IaNU36StgnpHhOwA==",
      "dev": true
    },
    "framer-motion": {
      "version": "3.1.1",
      "resolved": "https://registry.npmjs.org/framer-motion/-/framer-motion-3.1.1.tgz",
      "integrity": "sha512-Gm1QSb0xUxuhcPar5FIs5Ws+STrhLZ6XZf2Io8dVwFofe1OzwkL9asGFVu7z3y6WqC4Hvnxm7wsW5SBHlxZDYw==",
      "requires": {
        "@emotion/is-prop-valid": "^0.8.2",
        "framesync": "^5.0.0",
        "hey-listen": "^1.0.8",
        "popmotion": "^9.0.2",
        "style-value-types": "^3.2.0",
        "tslib": "^1.10.0"
      }
    },
    "framesync": {
      "version": "5.0.0",
      "resolved": "https://registry.npmjs.org/framesync/-/framesync-5.0.0.tgz",
      "integrity": "sha512-wd8t+JsQGisluSv1twiEeDv0aNGpavGb9q7xgIk9fGbcIWkNXF/KVtrjnOrCwBWJuiXxlJfNkcvGudsI32FxYA=="
    },
    "hey-listen": {
      "version": "1.0.8",
      "resolved": "https://registry.npmjs.org/hey-listen/-/hey-listen-1.0.8.tgz",
      "integrity": "sha512-COpmrF2NOg4TBWUJ5UVyaCU2A88wEMkUPK4hNqyCkqHbxT92BbvfjoSozkAIIm6XhicGlJHhFdullInrdhwU8Q=="
    },
    "hoist-non-react-statics": {
      "version": "3.3.2",
      "resolved": "https://registry.npmjs.org/hoist-non-react-statics/-/hoist-non-react-statics-3.3.2.tgz",
      "integrity": "sha512-/gGivxi8JPKWNm/W0jSmzcMPpfpPLc3dY/6GxhX2hQ9iGj3aDfklV4ET7NjKpSinLpJ5vafa9iiGIEZg10SfBw==",
      "requires": {
        "react-is": "^16.7.0"
      }
    },
    "js-tokens": {
      "version": "4.0.0",
      "resolved": "https://registry.npmjs.org/js-tokens/-/js-tokens-4.0.0.tgz",
      "integrity": "sha512-RdJUflcE3cUzKiMqQgsCu06FPu9UdIJO0beYbPhHN4k6apgJtifcoCtT9bcxOpYBtpD2kCM6Sbzg4CausW/PKQ=="
    },
    "loose-envify": {
      "version": "1.4.0",
      "resolved": "https://registry.npmjs.org/loose-envify/-/loose-envify-1.4.0.tgz",
      "integrity": "sha512-lyuxPGr/Wfhrlem2CL/UcnUc1zcqKAImBDzukY7Y5F/yQiNdko6+fRLevlw1HgMySw7f611UIY408EtxRSoK3Q==",
      "requires": {
        "js-tokens": "^3.0.0 || ^4.0.0"
      }
    },
    "object-assign": {
      "version": "4.1.1",
      "resolved": "https://registry.npmjs.org/object-assign/-/object-assign-4.1.1.tgz",
      "integrity": "sha1-IQmtx5ZYh8/AXLvUQsrIv7s2CGM="
    },
    "popmotion": {
      "version": "9.0.2",
      "resolved": "https://registry.npmjs.org/popmotion/-/popmotion-9.0.2.tgz",
      "integrity": "sha512-WfSg8IfoUwYIP9uqeqbgncIsMHLAKWqebT2IP1aGAI6gdSJqTPy/H8NvP4ZyDtDCUCx5Yh3Pth/7iUJjIwR7LA==",
      "requires": {
        "framesync": "5.0.0",
        "hey-listen": "^1.0.8",
        "style-value-types": "3.2.0",
        "tslib": "^1.10.0"
      }
    },
    "react": {
      "version": "17.0.1",
      "resolved": "https://registry.npmjs.org/react/-/react-17.0.1.tgz",
      "integrity": "sha512-lG9c9UuMHdcAexXtigOZLX8exLWkW0Ku29qPRU8uhF2R9BN96dLCt0psvzPLlHc5OWkgymP3qwTRgbnw5BKx3w==",
      "requires": {
        "loose-envify": "^1.1.0",
        "object-assign": "^4.1.1"
      }
    },
    "react-dom": {
      "version": "17.0.1",
      "resolved": "https://registry.npmjs.org/react-dom/-/react-dom-17.0.1.tgz",
      "integrity": "sha512-6eV150oJZ9U2t9svnsspTMrWNyHc6chX0KzDeAOXftRa8bNeOKTTfCJ7KorIwenkHd2xqVTBTCZd79yk/lx/Ug==",
      "requires": {
        "loose-envify": "^1.1.0",
        "object-assign": "^4.1.1",
        "scheduler": "^0.20.1"
      }
    },
    "react-is": {
      "version": "16.13.1",
      "resolved": "https://registry.npmjs.org/react-is/-/react-is-16.13.1.tgz",
      "integrity": "sha512-24e6ynE2H+OKt4kqsOvNd8kBpV65zoxbA4BVsEOB3ARVWQki/DHzaUoC5KuON/BiccDaCCTZBuOcfZs70kR8bQ=="
    },
    "regenerator-runtime": {
      "version": "0.13.7",
      "resolved": "https://registry.npmjs.org/regenerator-runtime/-/regenerator-runtime-0.13.7.tgz",
      "integrity": "sha512-a54FxoJDIr27pgf7IgeQGxmqUNYrcV338lf/6gH456HZ/PhX+5BcwHXG9ajESmwe6WRO0tAzRUrRmNONWgkrew=="
    },
    "scheduler": {
      "version": "0.20.1",
      "resolved": "https://registry.npmjs.org/scheduler/-/scheduler-0.20.1.tgz",
      "integrity": "sha512-LKTe+2xNJBNxu/QhHvDR14wUXHRQbVY5ZOYpOGWRzhydZUqrLb2JBvLPY7cAqFmqrWuDED0Mjk7013SZiOz6Bw==",
      "requires": {
        "loose-envify": "^1.1.0",
        "object-assign": "^4.1.1"
      }
    },
    "style-value-types": {
      "version": "3.2.0",
      "resolved": "https://registry.npmjs.org/style-value-types/-/style-value-types-3.2.0.tgz",
      "integrity": "sha512-ih0mGsrYYmVvdDi++/66O6BaQPRPRMQHoZevNNdMMcPlP/cH28Rnfsqf1UEba/Bwfuw9T8BmIMwbGdzsPwQKrQ==",
      "requires": {
        "hey-listen": "^1.0.8",
        "tslib": "^1.10.0"
      }
    },
    "stylis": {
      "version": "4.0.6",
      "resolved": "https://registry.npmjs.org/stylis/-/stylis-4.0.6.tgz",
      "integrity": "sha512-1igcUEmYFBEO14uQHAJhCUelTR5jPztfdVKrYxRnDa5D5Dn3w0NxXupJNPr/VV/yRfZYEAco8sTIRZzH3sRYKg=="
    },
    "tslib": {
      "version": "1.14.1",
      "resolved": "https://registry.npmjs.org/tslib/-/tslib-1.14.1.tgz",
      "integrity": "sha512-Xni35NKzjgMrwevysHTCArtLDpPvye8zV/0E4EyYn43P7/7qvQwPh9BGkHewbMulVntbigmcT7rdX3BNo9wRJg=="
    },
    "typescript": {
      "version": "4.1.3",
      "resolved": "https://registry.npmjs.org/typescript/-/typescript-4.1.3.tgz",
      "integrity": "sha512-B3ZIOf1IKeH2ixgHhj6la6xdwR9QrLC5d1VKeCSY4tvkqhF2eqd9O7txNlS0PO3GrBAFIdr3L1ndNwteUbZLYg==",
      "dev": true
    }
  }
}
