{
  "version": "3",
  "remote": {
    "https://deno.land/x/denoflate@1.2.1/mod.ts": "f5628e44b80b3d80ed525afa2ba0f12408e3849db817d47a883b801f9ce69dd6",
    "https://deno.land/x/denoflate@1.2.1/pkg/denoflate.js": "b9f9ad9457d3f12f28b1fb35c555f57443427f74decb403113d67364e4f2caf4",
    "https://deno.land/x/denoflate@1.2.1/pkg/denoflate_bg.wasm.js": "d581956245407a2115a3d7e8d85a9641c032940a8e810acbd59ca86afd34d44d",
    "https://deno.land/x/esbuild@v0.21.5/mod.js": "f391d2907ca95fff70cc0bea3eb690d1687d069e6559cad1017af942f7b76d4d"
  },
  "workspace": {
    "packageJson": {
      "dependencies": [
        "npm:@cloudflare/workers-types@4.20240620.0",
        "npm:@emotion/cache@11.11.0",
        "npm:@emotion/react@11.11.4",
        "npm:@emotion/styled@11.11.5",
        "npm:@github/stable-socket@1.1.0",
        "npm:@mui/material@5.15.20",
        "npm:@okikio/sharedworker@1.0.7",
        "npm:@types/isomorphic-fetch@0.0.39",
        "npm:@types/jest@29.5.12",
        "npm:@types/lodash.debounce@4.0.9",
        "npm:@types/node@20.14.8",
        "npm:@types/react-dom@18.3.0",
        "npm:@types/react@18.3.3",
        "npm:@types/uuid@10.0.0",
        "npm:@types/wicg-file-system-access@2023.10.5",
        "npm:@typescript-eslint/typescript-estree@7.13.1",
        "npm:ace-builds@1.35.0",
        "npm:assert-browserify@2.0.0",
        "npm:assert@2.1.0",
        "npm:ast-module-types@6.0.0",
        "npm:async-mutex@0.5.0",
        "npm:ava@6.1.3",
        "npm:avl@1.5.3",
        "npm:buffer@6.0.3",
        "npm:constants@0.0.2",
        "npm:csstype@3.1.3",
        "npm:detective-typescript@13.0.0",
        "npm:esbuild-wasm@0.21.5",
        "npm:eslint-plugin-react@7.34.3",
        "npm:eslint@9.5.0",
        "npm:events@3.3.0",
        "npm:fast-diff@1.3.0",
        "npm:fetch-retry@6.0.0",
        "npm:file-type@19.0.0",
        "npm:framer-motion@11.2.11",
        "npm:immutable@4.3.6",
        "npm:isomorphic-fetch@3.0.0",
        "npm:jest@29.7.0",
        "npm:localforage@1.10.0",
        "npm:lodash.debounce@4.0.8",
        "npm:lucide-react@0.396.0",
        "npm:module@1.2.5",
        "npm:monaco-editor@0.50.0",
        "npm:node-source-walk@7.0.0",
        "npm:os-browserify@0.3.0",
        "npm:p-map@7.0.2",
        "npm:p2pcf@1.3.14",
        "npm:path-browserify@1.0.1",
        "npm:popmotion@11.0.5",
        "npm:prettier@3.3.2",
        "npm:qrious@4.0.2",
        "npm:re-resizable@6.9.17",
        "npm:react-dom@18.3.1",
        "npm:react-icons@5.2.1",
        "npm:react-live@4.1.6",
        "npm:react-qrious@2.5.6",
        "npm:react-refresh@0.14.2",
        "npm:react-reverse-portal@2.1.2",
        "npm:react-rnd@10.4.11",
        "npm:react@18.3.1",
        "npm:stream-browserify@3.0.0",
        "npm:transferables@1.0.3",
        "npm:ts-jest@29.1.5",
        "npm:ts-md5@1.3.1",
        "npm:tslib@2.6.3",
        "npm:typescript@5.5.2",
        "npm:util@0.12.5",
        "npm:uuid@10.0.0",
        "npm:uvu@0.5.6",
        "npm:webrtc-adapter@9.0.1",
        "npm:workbox-window@7.1.0",
        "npm:worker-rpc@0.2.0"
      ]
    }
  }
}
