{
    "name": "@zedvision/code",
    "version": "8.4.4",
    "lockfileVersion": 1,
    "requires": true,
    "dependencies": {
        "esbuild": {
            "version": "0.8.21",
            "resolved": "https://registry.npmjs.org/esbuild/-/esbuild-0.8.21.tgz",
            "integrity": "sha512-vRRx5MZmiekw2R7jK5BppvBUFCJA0Zkl0wYxrDmyUvMPBcQC/xJvxJUM4R+Hgjgb3gp5P1W655AsuoqDeQQDVw==",
            "dev": true
        }
    }
}
